// !$*UTF8*$!
{
	archiveVersion = 1;
	classes = {
	};
	objectVersion = 56;
	objects = {

/* Begin PBXBuildFile section */
		A10001 /* Marque_PrototypeApp.swift in Sources */ = {isa = PBXBuildFile; fileRef = A20001 /* Marque_PrototypeApp.swift */; };
		A10002 /* Car.swift in Sources */ = {isa = PBXBuildFile; fileRef = A20002 /* Car.swift */; };
		A10003 /* CarStore.swift in Sources */ = {isa = PBXBuildFile; fileRef = A20003 /* CarStore.swift */; };
		A10004 /* AddCarView.swift in Sources */ = {isa = PBXBuildFile; fileRef = A20004 /* AddCarView.swift */; };
		A10005 /* CarListView.swift in Sources */ = {isa = PBXBuildFile; fileRef = A20005 /* CarListView.swift */; };
		A10006 /* CarDetailView.swift in Sources */ = {isa = PBXBuildFile; fileRef = A20006 /* CarDetailView.swift */; };
		A10007 /* EditCarDetailView.swift in Sources */ = {isa = PBXBuildFile; fileRef = A20007 /* EditCarDetailView.swift */; };
		A10008 /* Assets.xcassets in Resources */ = {isa = PBXBuildFile; fileRef = A20008 /* Assets.xcassets */; };
		A10009 /* MaintenanceRecord.swift in Sources */ = {isa = PBXBuildFile; fileRef = A20009 /* MaintenanceRecord.swift */; };
		A10010 /* ImageManager.swift in Sources */ = {isa = PBXBuildFile; fileRef = A20010 /* ImageManager.swift */; };
		A10011 /* AddMaintenanceView.swift in Sources */ = {isa = PBXBuildFile; fileRef = A20011 /* AddMaintenanceView.swift */; };
		A10012 /* NotificationManager.swift in Sources */ = {isa = PBXBuildFile; fileRef = A20012 /* NotificationManager.swift */; };
		A10013 /* ExpenseSummaryView.swift in Sources */ = {isa = PBXBuildFile; fileRef = A20013 /* ExpenseSummaryView.swift */; };
		A10014 /* CarData.swift in Sources */ = {isa = PBXBuildFile; fileRef = A20014 /* CarData.swift */; };
		A10015 /* VINDecodeService.swift in Sources */ = {isa = PBXBuildFile; fileRef = A20015 /* VINDecodeService.swift */; };
		A10016 /* AppUser.swift in Sources */ = {isa = PBXBuildFile; fileRef = A20016 /* AppUser.swift */; };
		A10017 /* AuthService.swift in Sources */ = {isa = PBXBuildFile; fileRef = A20017 /* AuthService.swift */; };
		A10018 /* MarqueComponents.swift in Sources */ = {isa = PBXBuildFile; fileRef = A20018 /* MarqueComponents.swift */; };
		A10019 /* OnboardingView.swift in Sources */ = {isa = PBXBuildFile; fileRef = A20019 /* OnboardingView.swift */; };
		A10020 /* LoginView.swift in Sources */ = {isa = PBXBuildFile; fileRef = A20020 /* LoginView.swift */; };
		A10021 /* SignUpView.swift in Sources */ = {isa = PBXBuildFile; fileRef = A20021 /* SignUpView.swift */; };
		A10022 /* ForgotPasswordView.swift in Sources */ = {isa = PBXBuildFile; fileRef = A20022 /* ForgotPasswordView.swift */; };
		A10023 /* MyProfileView.swift in Sources */ = {isa = PBXBuildFile; fileRef = A20023 /* MyProfileView.swift */; };
		A10024 /* EditProfileView.swift in Sources */ = {isa = PBXBuildFile; fileRef = A20024 /* EditProfileView.swift */; };
		A10025 /* PublicProfileView.swift in Sources */ = {isa = PBXBuildFile; fileRef = A20025 /* PublicProfileView.swift */; };
		A10026 /* FollowListView.swift in Sources */ = {isa = PBXBuildFile; fileRef = A20026 /* FollowListView.swift */; };
		A10027 /* ExploreView.swift in Sources */ = {isa = PBXBuildFile; fileRef = A20027 /* ExploreView.swift */; };
		A10028 /* SearchResultsView.swift in Sources */ = {isa = PBXBuildFile; fileRef = A20028 /* SearchResultsView.swift */; };
		A10029 /* PublicCarDetailView.swift in Sources */ = {isa = PBXBuildFile; fileRef = A20029 /* PublicCarDetailView.swift */; };
		A10030 /* SettingsView.swift in Sources */ = {isa = PBXBuildFile; fileRef = A20030 /* SettingsView.swift */; };
		A10031 /* ProUpgradeView.swift in Sources */ = {isa = PBXBuildFile; fileRef = A20031 /* ProUpgradeView.swift */; };
		A10032 /* ServiceReminder.swift in Sources */ = {isa = PBXBuildFile; fileRef = A20032 /* ServiceReminder.swift */; };
		A10033 /* ServiceReminderEngine.swift in Sources */ = {isa = PBXBuildFile; fileRef = A20033 /* ServiceReminderEngine.swift */; };
		A10034 /* ServiceRemindersView.swift in Sources */ = {isa = PBXBuildFile; fileRef = A20034 /* ServiceRemindersView.swift */; };
		A10035 /* AddReminderView.swift in Sources */ = {isa = PBXBuildFile; fileRef = A20035 /* AddReminderView.swift */; };
		A10036 /* ExpenseChartsView.swift in Sources */ = {isa = PBXBuildFile; fileRef = A20036 /* ExpenseChartsView.swift */; };
		A10037 /* PhotoGalleryView.swift in Sources */ = {isa = PBXBuildFile; fileRef = A20037 /* PhotoGalleryView.swift */; };
/* End PBXBuildFile section */

/* Begin PBXFileReference section */
		A20001 /* Marque_PrototypeApp.swift */ = {isa = PBXFileReference; lastKnownFileType = sourcecode.swift; path = Marque_PrototypeApp.swift; sourceTree = "<group>"; };
		A20002 /* Car.swift */ = {isa = PBXFileReference; lastKnownFileType = sourcecode.swift; path = Car.swift; sourceTree = "<group>"; };
		A20003 /* CarStore.swift */ = {isa = PBXFileReference; lastKnownFileType = sourcecode.swift; path = CarStore.swift; sourceTree = "<group>"; };
		A20004 /* AddCarView.swift */ = {isa = PBXFileReference; lastKnownFileType = sourcecode.swift; path = AddCarView.swift; sourceTree = "<group>"; };
		A20005 /* CarListView.swift */ = {isa = PBXFileReference; lastKnownFileType = sourcecode.swift; path = CarListView.swift; sourceTree = "<group>"; };
		A20006 /* CarDetailView.swift */ = {isa = PBXFileReference; lastKnownFileType = sourcecode.swift; path = CarDetailView.swift; sourceTree = "<group>"; };
		A20007 /* EditCarDetailView.swift */ = {isa = PBXFileReference; lastKnownFileType = sourcecode.swift; path = EditCarDetailView.swift; sourceTree = "<group>"; };
		A20008 /* Assets.xcassets */ = {isa = PBXFileReference; lastKnownFileType = folder.assetcatalog; path = Assets.xcassets; sourceTree = "<group>"; };
		A20009 /* MaintenanceRecord.swift */ = {isa = PBXFileReference; lastKnownFileType = sourcecode.swift; path = MaintenanceRecord.swift; sourceTree = "<group>"; };
		A20010 /* ImageManager.swift */ = {isa = PBXFileReference; lastKnownFileType = sourcecode.swift; path = ImageManager.swift; sourceTree = "<group>"; };
		A20011 /* AddMaintenanceView.swift */ = {isa = PBXFileReference; lastKnownFileType = sourcecode.swift; path = AddMaintenanceView.swift; sourceTree = "<group>"; };
		A20012 /* NotificationManager.swift */ = {isa = PBXFileReference; lastKnownFileType = sourcecode.swift; path = NotificationManager.swift; sourceTree = "<group>"; };
		A20013 /* ExpenseSummaryView.swift */ = {isa = PBXFileReference; lastKnownFileType = sourcecode.swift; path = ExpenseSummaryView.swift; sourceTree = "<group>"; };
		A20014 /* CarData.swift */ = {isa = PBXFileReference; lastKnownFileType = sourcecode.swift; path = CarData.swift; sourceTree = "<group>"; };
		A20015 /* VINDecodeService.swift */ = {isa = PBXFileReference; lastKnownFileType = sourcecode.swift; path = VINDecodeService.swift; sourceTree = "<group>"; };
		A20016 /* AppUser.swift */ = {isa = PBXFileReference; lastKnownFileType = sourcecode.swift; path = AppUser.swift; sourceTree = "<group>"; };
		A20017 /* AuthService.swift */ = {isa = PBXFileReference; lastKnownFileType = sourcecode.swift; path = AuthService.swift; sourceTree = "<group>"; };
		A20018 /* MarqueComponents.swift */ = {isa = PBXFileReference; lastKnownFileType = sourcecode.swift; path = MarqueComponents.swift; sourceTree = "<group>"; };
		A20019 /* OnboardingView.swift */ = {isa = PBXFileReference; lastKnownFileType = sourcecode.swift; path = OnboardingView.swift; sourceTree = "<group>"; };
		A20020 /* LoginView.swift */ = {isa = PBXFileReference; lastKnownFileType = sourcecode.swift; path = LoginView.swift; sourceTree = "<group>"; };
		A20021 /* SignUpView.swift */ = {isa = PBXFileReference; lastKnownFileType = sourcecode.swift; path = SignUpView.swift; sourceTree = "<group>"; };
		A20022 /* ForgotPasswordView.swift */ = {isa = PBXFileReference; lastKnownFileType = sourcecode.swift; path = ForgotPasswordView.swift; sourceTree = "<group>"; };
		A20023 /* MyProfileView.swift */ = {isa = PBXFileReference; lastKnownFileType = sourcecode.swift; path = MyProfileView.swift; sourceTree = "<group>"; };
		A20024 /* EditProfileView.swift */ = {isa = PBXFileReference; lastKnownFileType = sourcecode.swift; path = EditProfileView.swift; sourceTree = "<group>"; };
		A20025 /* PublicProfileView.swift */ = {isa = PBXFileReference; lastKnownFileType = sourcecode.swift; path = PublicProfileView.swift; sourceTree = "<group>"; };
		A20026 /* FollowListView.swift */ = {isa = PBXFileReference; lastKnownFileType = sourcecode.swift; path = FollowListView.swift; sourceTree = "<group>"; };
		A20027 /* ExploreView.swift */ = {isa = PBXFileReference; lastKnownFileType = sourcecode.swift; path = ExploreView.swift; sourceTree = "<group>"; };
		A20028 /* SearchResultsView.swift */ = {isa = PBXFileReference; lastKnownFileType = sourcecode.swift; path = SearchResultsView.swift; sourceTree = "<group>"; };
		A20029 /* PublicCarDetailView.swift */ = {isa = PBXFileReference; lastKnownFileType = sourcecode.swift; path = PublicCarDetailView.swift; sourceTree = "<group>"; };
		A20030 /* SettingsView.swift */ = {isa = PBXFileReference; lastKnownFileType = sourcecode.swift; path = SettingsView.swift; sourceTree = "<group>"; };
		A20031 /* ProUpgradeView.swift */ = {isa = PBXFileReference; lastKnownFileType = sourcecode.swift; path = ProUpgradeView.swift; sourceTree = "<group>"; };
		A20032 /* ServiceReminder.swift */ = {isa = PBXFileReference; lastKnownFileType = sourcecode.swift; path = ServiceReminder.swift; sourceTree = "<group>"; };
		A20033 /* ServiceReminderEngine.swift */ = {isa = PBXFileReference; lastKnownFileType = sourcecode.swift; path = ServiceReminderEngine.swift; sourceTree = "<group>"; };
		A20034 /* ServiceRemindersView.swift */ = {isa = PBXFileReference; lastKnownFileType = sourcecode.swift; path = ServiceRemindersView.swift; sourceTree = "<group>"; };
		A20035 /* AddReminderView.swift */ = {isa = PBXFileReference; lastKnownFileType = sourcecode.swift; path = AddReminderView.swift; sourceTree = "<group>"; };
		A20036 /* ExpenseChartsView.swift */ = {isa = PBXFileReference; lastKnownFileType = sourcecode.swift; path = ExpenseChartsView.swift; sourceTree = "<group>"; };
		A20037 /* PhotoGalleryView.swift */ = {isa = PBXFileReference; lastKnownFileType = sourcecode.swift; path = PhotoGalleryView.swift; sourceTree = "<group>"; };
		A30001 /* Marque.app */ = {isa = PBXFileReference; explicitFileType = wrapper.application; includeInIndex = 0; path = Marque.app; sourceTree = BUILT_PRODUCTS_DIR; };
/* End PBXFileReference section */

/* Begin PBXFrameworksBuildPhase section */
		A40001 /* Frameworks */ = {
			isa = PBXFrameworksBuildPhase;
			buildActionMask = 2147483647;
			files = (
			);
			runOnlyForDeploymentPostprocessing = 0;
		};
/* End PBXFrameworksBuildPhase section */

/* Begin PBXGroup section */
		A50001 = {
			isa = PBXGroup;
			children = (
				A50002 /* Marque-Prototype */,
				A50005 /* Products */,
			);
			sourceTree = "<group>";
		};
		A50002 /* Marque-Prototype */ = {
			isa = PBXGroup;
			children = (
				A20001 /* Marque_PrototypeApp.swift */,
				A50003 /* Models */,
				A50006 /* Stores */,
				A50007 /* Components */,
				A50008 /* Features */,
				A50004 /* Views */,
				A20008 /* Assets.xcassets */,
			);
			path = "Marque-Prototype";
			sourceTree = "<group>";
		};
		A50003 /* Models */ = {
			isa = PBXGroup;
			children = (
				A20002 /* Car.swift */,
				A20009 /* MaintenanceRecord.swift */,
				A20014 /* CarData.swift */,
				A20016 /* AppUser.swift */,
				A20032 /* ServiceReminder.swift */,
			);
			path = Models;
			sourceTree = "<group>";
		};
		A50004 /* Views */ = {
			isa = PBXGroup;
			children = (
				A20004 /* AddCarView.swift */,
				A20011 /* AddMaintenanceView.swift */,
				A20005 /* CarListView.swift */,
				A20006 /* CarDetailView.swift */,
				A20007 /* EditCarDetailView.swift */,
				A20013 /* ExpenseSummaryView.swift */,
			);
			path = Views;
			sourceTree = "<group>";
		};
		A50005 /* Products */ = {
			isa = PBXGroup;
			children = (
				A30001 /* Marque.app */,
			);
			name = Products;
			sourceTree = "<group>";
		};
		A50006 /* Stores */ = {
			isa = PBXGroup;
			children = (
				A20003 /* CarStore.swift */,
				A20010 /* ImageManager.swift */,
				A20012 /* NotificationManager.swift */,
				A20015 /* VINDecodeService.swift */,
				A20017 /* AuthService.swift */,
				A20033 /* ServiceReminderEngine.swift */,
			);
			path = Stores;
			sourceTree = "<group>";
		};
		A50007 /* Components */ = {
			isa = PBXGroup;
			children = (
				A20018 /* MarqueComponents.swift */,
			);
			path = Components;
			sourceTree = "<group>";
		};
		A50008 /* Features */ = {
			isa = PBXGroup;
			children = (
				A50009 /* Onboarding */,
				A50010 /* Auth */,
				A50011 /* Profile */,
				A50012 /* Explore */,
				A50013 /* Settings */,
				A50014 /* Garage */,
				A50015 /* Expenses */,
			);
			path = Features;
			sourceTree = "<group>";
		};
		A50014 /* Garage */ = {
			isa = PBXGroup;
			children = (
				A20034 /* ServiceRemindersView.swift */,
				A20035 /* AddReminderView.swift */,
				A20037 /* PhotoGalleryView.swift */,
			);
			path = Garage;
			sourceTree = "<group>";
		};
		A50015 /* Expenses */ = {
			isa = PBXGroup;
			children = (
				A20036 /* ExpenseChartsView.swift */,
			);
			path = Expenses;
			sourceTree = "<group>";
		};
		A50009 /* Onboarding */ = {
			isa = PBXGroup;
			children = (
				A20019 /* OnboardingView.swift */,
			);
			path = Onboarding;
			sourceTree = "<group>";
		};
		A50010 /* Auth */ = {
			isa = PBXGroup;
			children = (
				A20020 /* LoginView.swift */,
				A20021 /* SignUpView.swift */,
				A20022 /* ForgotPasswordView.swift */,
			);
			path = Auth;
			sourceTree = "<group>";
		};
		A50011 /* Profile */ = {
			isa = PBXGroup;
			children = (
				A20023 /* MyProfileView.swift */,
				A20024 /* EditProfileView.swift */,
				A20025 /* PublicProfileView.swift */,
				A20026 /* FollowListView.swift */,
			);
			path = Profile;
			sourceTree = "<group>";
		};
		A50012 /* Explore */ = {
			isa = PBXGroup;
			children = (
				A20027 /* ExploreView.swift */,
				A20028 /* SearchResultsView.swift */,
				A20029 /* PublicCarDetailView.swift */,
			);
			path = Explore;
			sourceTree = "<group>";
		};
		A50013 /* Settings */ = {
			isa = PBXGroup;
			children = (
				A20030 /* SettingsView.swift */,
				A20031 /* ProUpgradeView.swift */,
			);
			path = Settings;
			sourceTree = "<group>";
		};
/* End PBXGroup section */

/* Begin PBXNativeTarget section */
		A60001 /* Marque-Prototype */ = {
			isa = PBXNativeTarget;
			buildConfigurationList = A80002 /* Build configuration list for PBXNativeTarget "Marque-Prototype" */;
			buildPhases = (
				A70001 /* Sources */,
				A40001 /* Frameworks */,
				A70002 /* Resources */,
			);
			buildRules = (
			);
			dependencies = (
			);
			name = "Marque-Prototype";
			productName = "Marque-Prototype";
			productReference = A30001 /* Marque.app */;
			productType = "com.apple.product-type.application";
		};
/* End PBXNativeTarget section */

/* Begin PBXProject section */
		A90001 /* Project object */ = {
			isa = PBXProject;
			attributes = {
				BuildIndependentTargetsInParallel = 1;
				LastSwiftUpdateCheck = 1500;
				LastUpgradeCheck = 2640;
				TargetAttributes = {
					A60001 = {
						CreatedOnToolsVersion = 15.0;
					};
				};
			};
			buildConfigurationList = A80001 /* Build configuration list for PBXProject "Marque-Prototype" */;
			compatibilityVersion = "Xcode 14.0";
			developmentRegion = en;
			hasScannedForEncodings = 0;
			knownRegions = (
				en,
				Base,
			);
			mainGroup = A50001;
			productRefGroup = A50005 /* Products */;
			projectDirPath = "";
			projectRoot = "";
			targets = (
				A60001 /* Marque-Prototype */,
			);
		};
/* End PBXProject section */

/* Begin PBXResourcesBuildPhase section */
		A70002 /* Resources */ = {
			isa = PBXResourcesBuildPhase;
			buildActionMask = 2147483647;
			files = (
				A10008 /* Assets.xcassets in Resources */,
			);
			runOnlyForDeploymentPostprocessing = 0;
		};
/* End PBXResourcesBuildPhase section */

/* Begin PBXSourcesBuildPhase section */
		A70001 /* Sources */ = {
			isa = PBXSourcesBuildPhase;
			buildActionMask = 2147483647;
			files = (
				A10001 /* Marque_PrototypeApp.swift in Sources */,
				A10002 /* Car.swift in Sources */,
				A10003 /* CarStore.swift in Sources */,
				A10004 /* AddCarView.swift in Sources */,
				A10005 /* CarListView.swift in Sources */,
				A10006 /* CarDetailView.swift in Sources */,
				A10007 /* EditCarDetailView.swift in Sources */,
				A10009 /* MaintenanceRecord.swift in Sources */,
				A10010 /* ImageManager.swift in Sources */,
				A10011 /* AddMaintenanceView.swift in Sources */,
				A10012 /* NotificationManager.swift in Sources */,
				A10013 /* ExpenseSummaryView.swift in Sources */,
				A10014 /* CarData.swift in Sources */,
				A10015 /* VINDecodeService.swift in Sources */,
				A10016 /* AppUser.swift in Sources */,
				A10017 /* AuthService.swift in Sources */,
				A10018 /* MarqueComponents.swift in Sources */,
				A10019 /* OnboardingView.swift in Sources */,
				A10020 /* LoginView.swift in Sources */,
				A10021 /* SignUpView.swift in Sources */,
				A10022 /* ForgotPasswordView.swift in Sources */,
				A10023 /* MyProfileView.swift in Sources */,
				A10024 /* EditProfileView.swift in Sources */,
				A10025 /* PublicProfileView.swift in Sources */,
				A10026 /* FollowListView.swift in Sources */,
				A10027 /* ExploreView.swift in Sources */,
				A10028 /* SearchResultsView.swift in Sources */,
				A10029 /* PublicCarDetailView.swift in Sources */,
				A10030 /* SettingsView.swift in Sources */,
				A10031 /* ProUpgradeView.swift in Sources */,
				A10032 /* ServiceReminder.swift in Sources */,
				A10033 /* ServiceReminderEngine.swift in Sources */,
				A10034 /* ServiceRemindersView.swift in Sources */,
				A10035 /* AddReminderView.swift in Sources */,
				A10036 /* ExpenseChartsView.swift in Sources */,
				A10037 /* PhotoGalleryView.swift in Sources */,
			);
			runOnlyForDeploymentPostprocessing = 0;
		};
/* End PBXSourcesBuildPhase section */

/* Begin XCBuildConfiguration section */
		B10001 /* Debug */ = {
			isa = XCBuildConfiguration;
			buildSettings = {
				ALWAYS_SEARCH_USER_PATHS = NO;
				ASSETCATALOG_COMPILER_GENERATE_SWIFT_ASSET_SYMBOL_EXTENSIONS = YES;
				CLANG_ANALYZER_NONNULL = YES;
				CLANG_ANALYZER_NUMBER_OBJECT_CONVERSION = YES_AGGRESSIVE;
				CLANG_CXX_LANGUAGE_STANDARD = "gnu++20";
				CLANG_ENABLE_MODULES = YES;
				CLANG_ENABLE_OBJC_ARC = YES;
				CLANG_ENABLE_OBJC_WEAK = YES;
				CLANG_WARN_BLOCK_CAPTURE_AUTORELEASING = YES;
				CLANG_WARN_BOOL_CONVERSION = YES;
				CLANG_WARN_COMMA = YES;
				CLANG_WARN_CONSTANT_CONVERSION = YES;
				CLANG_WARN_DEPRECATED_OBJC_IMPLEMENTATIONS = YES;
				CLANG_WARN_DIRECT_OBJC_ISA_USAGE = YES_ERROR;
				CLANG_WARN_DOCUMENTATION_COMMENTS = YES;
				CLANG_WARN_EMPTY_BODY = YES;
				CLANG_WARN_ENUM_CONVERSION = YES;
				CLANG_WARN_INFINITE_RECURSION = YES;
				CLANG_WARN_INT_CONVERSION = YES;
				CLANG_WARN_NON_LITERAL_NULL_CONVERSION = YES;
				CLANG_WARN_OBJC_IMPLICIT_RETAIN_SELF = YES;
				CLANG_WARN_OBJC_LITERAL_CONVERSION = YES;
				CLANG_WARN_OBJC_ROOT_CLASS = YES_ERROR;
				CLANG_WARN_QUOTED_INCLUDE_IN_FRAMEWORK_HEADER = YES;
				CLANG_WARN_RANGE_LOOP_ANALYSIS = YES;
				CLANG_WARN_STRICT_PROTOTYPES = YES;
				CLANG_WARN_SUSPICIOUS_MOVE = YES;
				CLANG_WARN_UNGUARDED_AVAILABILITY = YES_AGGRESSIVE;
				CLANG_WARN_UNREACHABLE_CODE = YES;
				CLANG_WARN__DUPLICATE_METHOD_MATCH = YES;
				COPY_PHASE_STRIP = NO;
				DEBUG_INFORMATION_FORMAT = dwarf;
				ENABLE_STRICT_OBJC_MSGSEND = YES;
				ENABLE_TESTABILITY = YES;
				ENABLE_USER_SCRIPT_SANDBOXING = YES;
				GCC_C_LANGUAGE_STANDARD = gnu17;
				GCC_DYNAMIC_NO_PIC = NO;
				GCC_NO_COMMON_BLOCKS = YES;
				GCC_OPTIMIZATION_LEVEL = 0;
				GCC_PREPROCESSOR_DEFINITIONS = (
					"DEBUG=1",
					"$(inherited)",
				);
				GCC_WARN_64_TO_32_BIT_CONVERSION = YES;
				GCC_WARN_ABOUT_RETURN_TYPE = YES_ERROR;
				GCC_WARN_UNDECLARED_SELECTOR = YES;
				GCC_WARN_UNINITIALIZED_AUTOS = YES_AGGRESSIVE;
				GCC_WARN_UNUSED_FUNCTION = YES;
				GCC_WARN_UNUSED_VARIABLE = YES;
				IPHONEOS_DEPLOYMENT_TARGET = 17.0;
				LOCALIZATION_PREFERS_STRING_CATALOGS = YES;
				MTL_ENABLE_DEBUG_INFO = INCLUDE_SOURCE;
				MTL_FAST_MATH = YES;
				ONLY_ACTIVE_ARCH = YES;
				SDKROOT = iphoneos;
				SWIFT_ACTIVE_COMPILATION_CONDITIONS = "DEBUG $(inherited)";
				SWIFT_OPTIMIZATION_LEVEL = "-Onone";
			};
			name = Debug;
		};
		B10002 /* Release */ = {
			isa = XCBuildConfiguration;
			buildSettings = {
				ALWAYS_SEARCH_USER_PATHS = NO;
				ASSETCATALOG_COMPILER_GENERATE_SWIFT_ASSET_SYMBOL_EXTENSIONS = YES;
				CLANG_ANALYZER_NONNULL = YES;
				CLANG_ANALYZER_NUMBER_OBJECT_CONVERSION = YES_AGGRESSIVE;
				CLANG_CXX_LANGUAGE_STANDARD = "gnu++20";
				CLANG_ENABLE_MODULES = YES;
				CLANG_ENABLE_OBJC_ARC = YES;
				CLANG_ENABLE_OBJC_WEAK = YES;
				CLANG_WARN_BLOCK_CAPTURE_AUTORELEASING = YES;
				CLANG_WARN_BOOL_CONVERSION = YES;
				CLANG_WARN_COMMA = YES;
				CLANG_WARN_CONSTANT_CONVERSION = YES;
				CLANG_WARN_DEPRECATED_OBJC_IMPLEMENTATIONS = YES;
				CLANG_WARN_DIRECT_OBJC_ISA_USAGE = YES_ERROR;
				CLANG_WARN_DOCUMENTATION_COMMENTS = YES;
				CLANG_WARN_EMPTY_BODY = YES;
				CLANG_WARN_ENUM_CONVERSION = YES;
				CLANG_WARN_INFINITE_RECURSION = YES;
				CLANG_WARN_INT_CONVERSION = YES;
				CLANG_WARN_NON_LITERAL_NULL_CONVERSION = YES;
				CLANG_WARN_OBJC_IMPLICIT_RETAIN_SELF = YES;
				CLANG_WARN_OBJC_LITERAL_CONVERSION = YES;
				CLANG_WARN_OBJC_ROOT_CLASS = YES_ERROR;
				CLANG_WARN_QUOTED_INCLUDE_IN_FRAMEWORK_HEADER = YES;
				CLANG_WARN_RANGE_LOOP_ANALYSIS = YES;
				CLANG_WARN_STRICT_PROTOTYPES = YES;
				CLANG_WARN_SUSPICIOUS_MOVE = YES;
				CLANG_WARN_UNGUARDED_AVAILABILITY = YES_AGGRESSIVE;
				CLANG_WARN_UNREACHABLE_CODE = YES;
				CLANG_WARN__DUPLICATE_METHOD_MATCH = YES;
				COPY_PHASE_STRIP = NO;
				DEBUG_INFORMATION_FORMAT = "dwarf-with-dsym";
				ENABLE_NS_ASSERTIONS = NO;
				ENABLE_STRICT_OBJC_MSGSEND = YES;
				ENABLE_USER_SCRIPT_SANDBOXING = YES;
				GCC_C_LANGUAGE_STANDARD = gnu17;
				GCC_NO_COMMON_BLOCKS = YES;
				GCC_WARN_64_TO_32_BIT_CONVERSION = YES;
				GCC_WARN_ABOUT_RETURN_TYPE = YES_ERROR;
				GCC_WARN_UNDECLARED_SELECTOR = YES;
				GCC_WARN_UNINITIALIZED_AUTOS = YES_AGGRESSIVE;
				GCC_WARN_UNUSED_FUNCTION = YES;
				GCC_WARN_UNUSED_VARIABLE = YES;
				IPHONEOS_DEPLOYMENT_TARGET = 17.0;
				LOCALIZATION_PREFERS_STRING_CATALOGS = YES;
				MTL_ENABLE_DEBUG_INFO = NO;
				MTL_FAST_MATH = YES;
				SDKROOT = iphoneos;
				SWIFT_COMPILATION_MODE = wholemodule;
				VALIDATE_PRODUCT = YES;
			};
			name = Release;
		};
		B20001 /* Debug */ = {
			isa = XCBuildConfiguration;
			buildSettings = {
				ASSETCATALOG_COMPILER_APPICON_NAME = AppIcon;
				ASSETCATALOG_COMPILER_GLOBAL_ACCENT_COLOR_NAME = AccentColor;
				ASSETCATALOG_COMPILER_INCLUDE_ALL_APPICON_ASSETS = NO;
				CODE_SIGN_STYLE = Automatic;
				CURRENT_PROJECT_VERSION = 1;
				DEVELOPMENT_TEAM = 7DZTSZ3299;
				ENABLE_PREVIEWS = YES;
				GENERATE_INFOPLIST_FILE = YES;
				INFOPLIST_KEY_LSApplicationCategoryType = "public.app-category.utilities";
				INFOPLIST_KEY_NSPhotoLibraryUsageDescription = "Marque uses your photo library to add photos of your cars.";
				INFOPLIST_KEY_UIApplicationSceneManifest_Generation = YES;
				INFOPLIST_KEY_UIApplicationSupportsIndirectInputEvents = YES;
				INFOPLIST_KEY_UILaunchScreen_Generation = YES;
				INFOPLIST_KEY_UISupportedInterfaceOrientations_iPad = "UIInterfaceOrientationPortrait UIInterfaceOrientationPortraitUpsideDown UIInterfaceOrientationLandscapeLeft UIInterfaceOrientationLandscapeRight";
				INFOPLIST_KEY_UISupportedInterfaceOrientations_iPhone = "UIInterfaceOrientationPortrait UIInterfaceOrientationLandscapeLeft UIInterfaceOrientationLandscapeRight";
				IPHONEOS_DEPLOYMENT_TARGET = 17.6;
				LD_RUNPATH_SEARCH_PATHS = (
					"$(inherited)",
					"@executable_path/Frameworks",
				);
				MARKETING_VERSION = 1.0;
				PRODUCT_BUNDLE_IDENTIFIER = com.marque.app;
				PRODUCT_NAME = Marque;
				SWIFT_EMIT_LOC_STRINGS = YES;
				SWIFT_VERSION = 5.0;
				TARGETED_DEVICE_FAMILY = "1,2";
			};
			name = Debug;
		};
		B20002 /* Release */ = {
			isa = XCBuildConfiguration;
			buildSettings = {
				ASSETCATALOG_COMPILER_APPICON_NAME = AppIcon;
				ASSETCATALOG_COMPILER_GLOBAL_ACCENT_COLOR_NAME = AccentColor;
				ASSETCATALOG_COMPILER_INCLUDE_ALL_APPICON_ASSETS = NO;
				CODE_SIGN_STYLE = Automatic;
				CURRENT_PROJECT_VERSION = 1;
				DEVELOPMENT_TEAM = 7DZTSZ3299;
				ENABLE_PREVIEWS = YES;
				GENERATE_INFOPLIST_FILE = YES;
				INFOPLIST_KEY_LSApplicationCategoryType = "public.app-category.utilities";
				INFOPLIST_KEY_NSPhotoLibraryUsageDescription = "Marque uses your photo library to add photos of your cars.";
				INFOPLIST_KEY_UIApplicationSceneManifest_Generation = YES;
				INFOPLIST_KEY_UIApplicationSupportsIndirectInputEvents = YES;
				INFOPLIST_KEY_UILaunchScreen_Generation = YES;
				INFOPLIST_KEY_UISupportedInterfaceOrientations_iPad = "UIInterfaceOrientationPortrait UIInterfaceOrientationPortraitUpsideDown UIInterfaceOrientationLandscapeLeft UIInterfaceOrientationLandscapeRight";
				INFOPLIST_KEY_UISupportedInterfaceOrientations_iPhone = "UIInterfaceOrientationPortrait UIInterfaceOrientationLandscapeLeft UIInterfaceOrientationLandscapeRight";
				IPHONEOS_DEPLOYMENT_TARGET = 17.6;
				LD_RUNPATH_SEARCH_PATHS = (
					"$(inherited)",
					"@executable_path/Frameworks",
				);
				MARKETING_VERSION = 1.0;
				PRODUCT_BUNDLE_IDENTIFIER = com.marque.app;
				PRODUCT_NAME = Marque;
				SWIFT_EMIT_LOC_STRINGS = YES;
				SWIFT_VERSION = 5.0;
				TARGETED_DEVICE_FAMILY = "1,2";
			};
			name = Release;
		};
/* End XCBuildConfiguration section */

/* Begin XCConfigurationList section */
		A80001 /* Build configuration list for PBXProject "Marque-Prototype" */ = {
			isa = XCConfigurationList;
			buildConfigurations = (
				B10001 /* Debug */,
				B10002 /* Release */,
			);
			defaultConfigurationIsVisible = 0;
			defaultConfigurationName = Release;
		};
		A80002 /* Build configuration list for PBXNativeTarget "Marque-Prototype" */ = {
			isa = XCConfigurationList;
			buildConfigurations = (
				B20001 /* Debug */,
				B20002 /* Release */,
			);
			defaultConfigurationIsVisible = 0;
			defaultConfigurationName = Release;
		};
/* End XCConfigurationList section */
	};
	rootObject = A90001 /* Project object */;
}
