// !$*UTF8*$!
{
	archiveVersion = 1;
	classes = {
	};
	objectVersion = 56;
	objects = {

/* Begin PBXBuildFile section */
		D5FA62F117724D022A23592D /* CarValue.swift in Sources */ = {isa = PBXBuildFile; fileRef = 600BB66AA00BB37F3FA29F33 /* CarValue.swift */; };
		00E4C4A4AC3047AB5D23C524 /* CarMod.swift in Sources */ = {isa = PBXBuildFile; fileRef = 8EE1EA3597AC9528E98F8622 /* CarMod.swift */; };
		79453226BB33D5D9700AC1E3 /* CarComment.swift in Sources */ = {isa = PBXBuildFile; fileRef = 7AB586A35A4161F192DA3958 /* CarComment.swift */; };
		74DBAFE5AAA034DC4F1FC9FC /* CommentFilter.swift in Sources */ = {isa = PBXBuildFile; fileRef = 3C6FF6721A83D1C02383FB69 /* CommentFilter.swift */; };
		D648EB831186D1CBC3DE3DF1 /* NotificationPreferences.swift in Sources */ = {isa = PBXBuildFile; fileRef = E5686F59A723EE5E2F08F0FD /* NotificationPreferences.swift */; };
		1489DDA28A8A529A6872FB29 /* CarValueService.swift in Sources */ = {isa = PBXBuildFile; fileRef = A70462D0DA6364B648A4441D /* CarValueService.swift */; };
		52F2FC92CEC1C5102E76F49A /* LikeStore.swift in Sources */ = {isa = PBXBuildFile; fileRef = 96132E4DCD59E5B6FE0C4014 /* LikeStore.swift */; };
		F8FC762B6FC2DE7E9C70498F /* CommentStore.swift in Sources */ = {isa = PBXBuildFile; fileRef = FB8BECB49371D61BEB84B2F4 /* CommentStore.swift */; };
		32C371DFB4E4D8C66823FA9D /* PushStore.swift in Sources */ = {isa = PBXBuildFile; fileRef = C5A4AF4B9E5F7A1D6F764D04 /* PushStore.swift */; };
		635CE8E912A7EC3026262670 /* FirebaseMessaging in Frameworks */ = {isa = PBXBuildFile; productRef = F309E4F1842A43140CB86B50 /* FirebaseMessaging */; };
		6B0782D5E6B383B850DEDC2E /* FirebaseCrashlytics in Frameworks */ = {isa = PBXBuildFile; productRef = C453D62471A58941090CEEB8 /* FirebaseCrashlytics */; };
		762DB52FDC1C87C394523FB6 /* CelebrationEffects.swift in Sources */ = {isa = PBXBuildFile; fileRef = 62DBACF0B818EB4BF765FCE0 /* CelebrationEffects.swift */; };
		65B797A53B1D4533B9DFCDDE /* AuthTheme.swift in Sources */ = {isa = PBXBuildFile; fileRef = 24B1F78CBC4749F38E5FE2DC /* AuthTheme.swift */; };
		1B445AF9F26D417AAE319543 /* GarageEntranceView.swift in Sources */ = {isa = PBXBuildFile; fileRef = 9412D7442710420CB0A6B6F6 /* GarageEntranceView.swift */; };
		9EB13AE6904D8A46EF90FF98 /* ScanAllowanceStore.swift in Sources */ = {isa = PBXBuildFile; fileRef = 8E66130704EB13A9BBF06D35 /* ScanAllowanceStore.swift */; };
		DDEA61B1FDB94D958EBFE896 /* AccountExportService.swift in Sources */ = {isa = PBXBuildFile; fileRef = 63B35D4AABF04F78AC0B2395 /* AccountExportService.swift */; };
		A10001 /* Marque.swift in Sources */ = {isa = PBXBuildFile; fileRef = A20001 /* Marque.swift */; };
		A10002 /* Car.swift in Sources */ = {isa = PBXBuildFile; fileRef = A20002 /* Car.swift */; };
		A10003 /* CarStore.swift in Sources */ = {isa = PBXBuildFile; fileRef = A20003 /* CarStore.swift */; };
		A10004 /* AddCarView.swift in Sources */ = {isa = PBXBuildFile; fileRef = A20004 /* AddCarView.swift */; };
		A10005 /* CarListView.swift in Sources */ = {isa = PBXBuildFile; fileRef = A20005 /* CarListView.swift */; };
		A10006 /* CarDetailView.swift in Sources */ = {isa = PBXBuildFile; fileRef = A20006 /* CarDetailView.swift */; };
		A10007 /* EditCarDetailView.swift in Sources */ = {isa = PBXBuildFile; fileRef = A20007 /* EditCarDetailView.swift */; };
		A10008 /* Assets.xcassets in Resources */ = {isa = PBXBuildFile; fileRef = A20008 /* Assets.xcassets */; };
		A10009 /* MaintenanceRecord.swift in Sources */ = {isa = PBXBuildFile; fileRef = A20009 /* MaintenanceRecord.swift */; };
		A10010 /* ImageManager.swift in Sources */ = {isa = PBXBuildFile; fileRef = A20010 /* ImageManager.swift */; };
		A10011 /* AddMaintenanceView.swift in Sources */ = {isa = PBXBuildFile; fileRef = A20011 /* AddMaintenanceView.swift */; };
		A10012 /* NotificationManager.swift in Sources */ = {isa = PBXBuildFile; fileRef = A20012 /* NotificationManager.swift */; };
		A10013 /* ExpenseSummaryView.swift in Sources */ = {isa = PBXBuildFile; fileRef = A20013 /* ExpenseSummaryView.swift */; };
		A10014 /* CarData.swift in Sources */ = {isa = PBXBuildFile; fileRef = A20014 /* CarData.swift */; };
		A10015 /* VINDecodeService.swift in Sources */ = {isa = PBXBuildFile; fileRef = A20015 /* VINDecodeService.swift */; };
		A10016 /* AppUser.swift in Sources */ = {isa = PBXBuildFile; fileRef = A20016 /* AppUser.swift */; };
		A10017 /* AuthService.swift in Sources */ = {isa = PBXBuildFile; fileRef = A20017 /* AuthService.swift */; };
		A10018 /* MarqueComponents.swift in Sources */ = {isa = PBXBuildFile; fileRef = A20018 /* MarqueComponents.swift */; };
		A10019 /* OnboardingView.swift in Sources */ = {isa = PBXBuildFile; fileRef = A20019 /* OnboardingView.swift */; };
		A10020 /* LoginView.swift in Sources */ = {isa = PBXBuildFile; fileRef = A20020 /* LoginView.swift */; };
		A10021 /* SignUpView.swift in Sources */ = {isa = PBXBuildFile; fileRef = A20021 /* SignUpView.swift */; };
		A10022 /* ForgotPasswordView.swift in Sources */ = {isa = PBXBuildFile; fileRef = A20022 /* ForgotPasswordView.swift */; };
		A10024 /* EditProfileView.swift in Sources */ = {isa = PBXBuildFile; fileRef = A20024 /* EditProfileView.swift */; };
		A10025 /* PublicProfileView.swift in Sources */ = {isa = PBXBuildFile; fileRef = A20025 /* PublicProfileView.swift */; };
		A10026 /* FollowListView.swift in Sources */ = {isa = PBXBuildFile; fileRef = A20026 /* FollowListView.swift */; };
		A10027 /* ExploreView.swift in Sources */ = {isa = PBXBuildFile; fileRef = A20027 /* ExploreView.swift */; };
		A10028 /* SearchResultsView.swift in Sources */ = {isa = PBXBuildFile; fileRef = A20028 /* SearchResultsView.swift */; };
		A10030 /* SettingsView.swift in Sources */ = {isa = PBXBuildFile; fileRef = A20030 /* SettingsView.swift */; };
		A10031 /* ProUpgradeView.swift in Sources */ = {isa = PBXBuildFile; fileRef = A20031 /* ProUpgradeView.swift */; };
		A10032 /* ServiceReminder.swift in Sources */ = {isa = PBXBuildFile; fileRef = A20032 /* ServiceReminder.swift */; };
		A10033 /* ServiceReminderEngine.swift in Sources */ = {isa = PBXBuildFile; fileRef = A20033 /* ServiceReminderEngine.swift */; };
		A10034 /* ServiceRemindersView.swift in Sources */ = {isa = PBXBuildFile; fileRef = A20034 /* ServiceRemindersView.swift */; };
		A10035 /* AddReminderView.swift in Sources */ = {isa = PBXBuildFile; fileRef = A20035 /* AddReminderView.swift */; };
		A10036 /* ExpenseChartsView.swift in Sources */ = {isa = PBXBuildFile; fileRef = A20036 /* ExpenseChartsView.swift */; };
		A10037 /* PhotoGalleryView.swift in Sources */ = {isa = PBXBuildFile; fileRef = A20037 /* PhotoGalleryView.swift */; };
		A10040 /* AppNotification.swift in Sources */ = {isa = PBXBuildFile; fileRef = A20040 /* AppNotification.swift */; };
		A10043 /* NotificationsInboxView.swift in Sources */ = {isa = PBXBuildFile; fileRef = A20043 /* NotificationsInboxView.swift */; };
		A10044 /* GoogleService-Info.plist in Resources */ = {isa = PBXBuildFile; fileRef = A20044 /* GoogleService-Info.plist */; };
		A10055 /* CarPhotoImage.swift in Sources */ = {isa = PBXBuildFile; fileRef = A20055 /* CarPhotoImage.swift */; };
		A10056 /* ProfileSetupView.swift in Sources */ = {isa = PBXBuildFile; fileRef = A20056 /* ProfileSetupView.swift */; };
		A10057 /* PublicCar.swift in Sources */ = {isa = PBXBuildFile; fileRef = A20057 /* PublicCar.swift */; };
		A10058 /* ExploreStore.swift in Sources */ = {isa = PBXBuildFile; fileRef = A20058 /* ExploreStore.swift */; };
		A10059 /* FollowStore.swift in Sources */ = {isa = PBXBuildFile; fileRef = A20059 /* FollowStore.swift */; };
		A10060 /* SubscriptionStore.swift in Sources */ = {isa = PBXBuildFile; fileRef = A20060 /* SubscriptionStore.swift */; };
		A10061 /* BlockStore.swift in Sources */ = {isa = PBXBuildFile; fileRef = A20061 /* BlockStore.swift */; };
		A10062 /* ReportView.swift in Sources */ = {isa = PBXBuildFile; fileRef = A20062 /* ReportView.swift */; };
		A10063 /* AppLinks.swift in Sources */ = {isa = PBXBuildFile; fileRef = A20063 /* AppLinks.swift */; };
		A10064 /* NotificationStore.swift in Sources */ = {isa = PBXBuildFile; fileRef = A20064 /* NotificationStore.swift */; };
		A10065 /* DeleteAccountView.swift in Sources */ = {isa = PBXBuildFile; fileRef = A20065 /* DeleteAccountView.swift */; };
		A10066 /* AppDelegate.swift in Sources */ = {isa = PBXBuildFile; fileRef = A20066 /* AppDelegate.swift */; };
		A10067 /* ChangePasswordView.swift in Sources */ = {isa = PBXBuildFile; fileRef = A20067 /* ChangePasswordView.swift */; };
		A10069 /* VerifyEmailView.swift in Sources */ = {isa = PBXBuildFile; fileRef = A20069 /* VerifyEmailView.swift */; };
		A10070 /* DocumentScanService.swift in Sources */ = {isa = PBXBuildFile; fileRef = A20070 /* DocumentScanService.swift */; };
		A10071 /* DocumentScannerView.swift in Sources */ = {isa = PBXBuildFile; fileRef = A20071 /* DocumentScannerView.swift */; };
		A10099 /* AnalyticsService.swift in Sources */ = {isa = PBXBuildFile; fileRef = A20099 /* AnalyticsService.swift */; };
		A3102D2E8EEAF6E1F29BF87E /* CrashReportingService.swift in Sources */ = {isa = PBXBuildFile; fileRef = 20930F1F8DE29C3A37D48703 /* CrashReportingService.swift */; };
		C3000001C3000001C3000001 /* FirebaseCore in Frameworks */ = {isa = PBXBuildFile; productRef = C1000001C1000001C1000001 /* FirebaseCore */; };
		C4000001C4000001C4000001 /* FirebaseAuth in Frameworks */ = {isa = PBXBuildFile; productRef = C2000001C2000001C2000001 /* FirebaseAuth */; };
		C5000001C5000001C5000001 /* FirebaseFirestore in Frameworks */ = {isa = PBXBuildFile; productRef = C5000002C5000002C5000002 /* FirebaseFirestore */; };
		C6000001C6000001C6000001 /* FirebaseStorage in Frameworks */ = {isa = PBXBuildFile; productRef = C6000002C6000002C6000002 /* FirebaseStorage */; };
		C7000001C7000001C7000001 /* FirebaseFunctions in Frameworks */ = {isa = PBXBuildFile; productRef = C7000002C7000002C7000002 /* FirebaseFunctions */; };
		E0000003E0000003E0000003 /* PostHog in Frameworks */ = {isa = PBXBuildFile; productRef = E0000002E0000002E0000002 /* PostHog */; };
		E64384DAD01BCC101BC4750B /* ScanAllowanceViews.swift in Sources */ = {isa = PBXBuildFile; fileRef = 000E5D2983DDC596117DD79C /* ScanAllowanceViews.swift */; };
		F421FDE42FA44C19000DBF3C /* GoogleSignIn in Frameworks */ = {isa = PBXBuildFile; productRef = F421FDE32FA44C19000DBF3C /* GoogleSignIn */; };
		F421FDE62FA44C19000DBF3C /* GoogleSignInSwift in Frameworks */ = {isa = PBXBuildFile; productRef = F421FDE52FA44C19000DBF3C /* GoogleSignInSwift */; };
		F497CF0E300B0735001892AE /* ChatMessage.swift in Sources */ = {isa = PBXBuildFile; fileRef = F497CF0C300B0735001892AE /* ChatMessage.swift */; };
		F497CF0F300B0735001892AE /* Conversation.swift in Sources */ = {isa = PBXBuildFile; fileRef = F497CF0D300B0735001892AE /* Conversation.swift */; };
		F497CF11300B0749001892AE /* ChatStore.swift in Sources */ = {isa = PBXBuildFile; fileRef = F497CF10300B0749001892AE /* ChatStore.swift */; };
		F497CF13300B075C001892AE /* MarqueChatView.swift in Sources */ = {isa = PBXBuildFile; fileRef = F497CF12300B075C001892AE /* MarqueChatView.swift */; };
		F497CF1530197BDF001892AE /* FeatureFlagsStore.swift in Sources */ = {isa = PBXBuildFile; fileRef = F497CF1430197BDF001892AE /* FeatureFlagsStore.swift */; };
		F497CF18301D5D1B001892AE /* FirebaseRemoteConfig in Frameworks */ = {isa = PBXBuildFile; productRef = F497CF17301D5D1B001892AE /* FirebaseRemoteConfig */; };
		F497CF1F3022A2DB001892AE /* EditInsuranceSheet.swift in Sources */ = {isa = PBXBuildFile; fileRef = F497CF1D3022A2DB001892AE /* EditInsuranceSheet.swift */; };
		F497CF203022A2DB001892AE /* EditRegistrationSheet.swift in Sources */ = {isa = PBXBuildFile; fileRef = F497CF1E3022A2DB001892AE /* EditRegistrationSheet.swift */; };
		F497CF223022AC1B001892AE /* EditVehicleDetailsSheet.swift in Sources */ = {isa = PBXBuildFile; fileRef = F497CF213022AC1B001892AE /* EditVehicleDetailsSheet.swift */; };
		F497CF2430244586001892AE /* AIServiceSuggestion.swift in Sources */ = {isa = PBXBuildFile; fileRef = F497CF2330244586001892AE /* AIServiceSuggestion.swift */; };
		F497CF263024459E001892AE /* AIServiceSuggestionService.swift in Sources */ = {isa = PBXBuildFile; fileRef = F497CF253024459E001892AE /* AIServiceSuggestionService.swift */; };
		F4A7C301A1B2C3D4E5F60718 /* FirebaseAppCheck in Frameworks */ = {isa = PBXBuildFile; productRef = F4A7C302A1B2C3D4E5F60719 /* FirebaseAppCheck */; };
		F5B1000100000000B1000001 /* PrivacyInfo.xcprivacy in Resources */ = {isa = PBXBuildFile; fileRef = F5B1000200000000B1000002 /* PrivacyInfo.xcprivacy */; };
		FE50B1000000000000000001 /* LikeButton.swift in Sources */ = {isa = PBXBuildFile; fileRef = FE50C1000000000000000001 /* LikeButton.swift */; };
		FE50B1000000000000000002 /* PushPermissionPrePrompt.swift in Sources */ = {isa = PBXBuildFile; fileRef = FE50C1000000000000000002 /* PushPermissionPrePrompt.swift */; };
		FE50B1000000000000000003 /* EngineSoundPlayback.swift in Sources */ = {isa = PBXBuildFile; fileRef = FE50C1000000000000000003 /* EngineSoundPlayback.swift */; };
		FE50B1000000000000000004 /* CarCommentsViews.swift in Sources */ = {isa = PBXBuildFile; fileRef = FE50C1000000000000000004 /* CarCommentsViews.swift */; };
		FE50B1000000000000000005 /* CarDetailSocial.swift in Sources */ = {isa = PBXBuildFile; fileRef = FE50C1000000000000000005 /* CarDetailSocial.swift */; };
		FE50B1000000000000000006 /* FollowPushRouter.swift in Sources */ = {isa = PBXBuildFile; fileRef = FE50C1000000000000000006 /* FollowPushRouter.swift */; };
		FE50B1000000000000000007 /* EngineSoundRecorderSheet.swift in Sources */ = {isa = PBXBuildFile; fileRef = FE50C1000000000000000007 /* EngineSoundRecorderSheet.swift */; };
		FE50B1000000000000000008 /* EngineSoundOwnerSection.swift in Sources */ = {isa = PBXBuildFile; fileRef = FE50C1000000000000000008 /* EngineSoundOwnerSection.swift */; };
		FE50B1000000000000000009 /* CarValueSection.swift in Sources */ = {isa = PBXBuildFile; fileRef = FE50C1000000000000000009 /* CarValueSection.swift */; };
		FE50B100000000000000000A /* EstimateValueSheet.swift in Sources */ = {isa = PBXBuildFile; fileRef = FE50C100000000000000000A /* EstimateValueSheet.swift */; };
		FE50B100000000000000000B /* TopCarsSection.swift in Sources */ = {isa = PBXBuildFile; fileRef = FE50C100000000000000000B /* TopCarsSection.swift */; };
		FE50B200000000000000000C /* ExploreFeedCard.swift in Sources */ = {isa = PBXBuildFile; fileRef = FE50C200000000000000000C /* ExploreFeedCard.swift */; };
		FE50B200000000000000000D /* CarOfTheWeekHero.swift in Sources */ = {isa = PBXBuildFile; fileRef = FE50C200000000000000000D /* CarOfTheWeekHero.swift */; };
		FE50B200000000000000000E /* ExploreSkeletons.swift in Sources */ = {isa = PBXBuildFile; fileRef = FE50C200000000000000000E /* ExploreSkeletons.swift */; };
		FE50B100000000000000000C /* PushPreferencesSection.swift in Sources */ = {isa = PBXBuildFile; fileRef = FE50C100000000000000000C /* PushPreferencesSection.swift */; };
		FE50B300000000000000000F /* CarTaxonomy.swift in Sources */ = {isa = PBXBuildFile; fileRef = FE50D200000000000000000F /* CarTaxonomy.swift */; };
		FE50B300000000000000001F /* PopularModelsRow.swift in Sources */ = {isa = PBXBuildFile; fileRef = FE50D200000000000000001F /* PopularModelsRow.swift */; };
		FE50B3000000000000000020 /* ExploreFiltersSheet.swift in Sources */ = {isa = PBXBuildFile; fileRef = FE50D2000000000000000020 /* ExploreFiltersSheet.swift */; };
		FE50B1000000000000000010 /* CarModsSection.swift in Sources */ = {isa = PBXBuildFile; fileRef = FE50C1000000000000000010 /* CarModsSection.swift */; };
		FE50B1000000000000000011 /* EditModSheet.swift in Sources */ = {isa = PBXBuildFile; fileRef = FE50C1000000000000000011 /* EditModSheet.swift */; };
		FE50E2000000000000000001 /* ExpenseReportPeriod.swift in Sources */ = {isa = PBXBuildFile; fileRef = FE50E1000000000000000001 /* ExpenseReportPeriod.swift */; };
		FE50E2000000000000000002 /* ExpenseReportCSV.swift in Sources */ = {isa = PBXBuildFile; fileRef = FE50E1000000000000000002 /* ExpenseReportCSV.swift */; };
		FE50E2000000000000000003 /* ExpenseReportPDF.swift in Sources */ = {isa = PBXBuildFile; fileRef = FE50E1000000000000000003 /* ExpenseReportPDF.swift */; };
		FE50E2000000000000000004 /* DataExportView.swift in Sources */ = {isa = PBXBuildFile; fileRef = FE50E1000000000000000004 /* DataExportView.swift */; };
		FE50E2000000000000000005 /* AccountDataExportView.swift in Sources */ = {isa = PBXBuildFile; fileRef = FE50E1000000000000000005 /* AccountDataExportView.swift */; };
/* End PBXBuildFile section */

/* Begin PBXFileReference section */
		600BB66AA00BB37F3FA29F33 /* CarValue.swift */ = {isa = PBXFileReference; lastKnownFileType = sourcecode.swift; path = CarValue.swift; sourceTree = "<group>"; };
		8EE1EA3597AC9528E98F8622 /* CarMod.swift */ = {isa = PBXFileReference; lastKnownFileType = sourcecode.swift; path = CarMod.swift; sourceTree = "<group>"; };
		7AB586A35A4161F192DA3958 /* CarComment.swift */ = {isa = PBXFileReference; lastKnownFileType = sourcecode.swift; path = CarComment.swift; sourceTree = "<group>"; };
		3C6FF6721A83D1C02383FB69 /* CommentFilter.swift */ = {isa = PBXFileReference; lastKnownFileType = sourcecode.swift; path = CommentFilter.swift; sourceTree = "<group>"; };
		E5686F59A723EE5E2F08F0FD /* NotificationPreferences.swift */ = {isa = PBXFileReference; lastKnownFileType = sourcecode.swift; path = NotificationPreferences.swift; sourceTree = "<group>"; };
		A70462D0DA6364B648A4441D /* CarValueService.swift */ = {isa = PBXFileReference; lastKnownFileType = sourcecode.swift; path = CarValueService.swift; sourceTree = "<group>"; };
		96132E4DCD59E5B6FE0C4014 /* LikeStore.swift */ = {isa = PBXFileReference; lastKnownFileType = sourcecode.swift; path = LikeStore.swift; sourceTree = "<group>"; };
		FB8BECB49371D61BEB84B2F4 /* CommentStore.swift */ = {isa = PBXFileReference; lastKnownFileType = sourcecode.swift; path = CommentStore.swift; sourceTree = "<group>"; };
		C5A4AF4B9E5F7A1D6F764D04 /* PushStore.swift */ = {isa = PBXFileReference; lastKnownFileType = sourcecode.swift; path = PushStore.swift; sourceTree = "<group>"; };
		000E5D2983DDC596117DD79C /* ScanAllowanceViews.swift */ = {isa = PBXFileReference; includeInIndex = 1; lastKnownFileType = sourcecode.swift; path = ScanAllowanceViews.swift; sourceTree = "<group>"; };
		20930F1F8DE29C3A37D48703 /* CrashReportingService.swift */ = {isa = PBXFileReference; includeInIndex = 1; lastKnownFileType = sourcecode.swift; path = CrashReportingService.swift; sourceTree = "<group>"; };
		62DBACF0B818EB4BF765FCE0 /* CelebrationEffects.swift */ = {isa = PBXFileReference; includeInIndex = 1; lastKnownFileType = sourcecode.swift; path = CelebrationEffects.swift; sourceTree = "<group>"; };
		24B1F78CBC4749F38E5FE2DC /* AuthTheme.swift */ = {isa = PBXFileReference; includeInIndex = 1; lastKnownFileType = sourcecode.swift; path = AuthTheme.swift; sourceTree = "<group>"; };
		9412D7442710420CB0A6B6F6 /* GarageEntranceView.swift */ = {isa = PBXFileReference; includeInIndex = 1; lastKnownFileType = sourcecode.swift; path = GarageEntranceView.swift; sourceTree = "<group>"; };
		8E66130704EB13A9BBF06D35 /* ScanAllowanceStore.swift */ = {isa = PBXFileReference; includeInIndex = 1; lastKnownFileType = sourcecode.swift; path = ScanAllowanceStore.swift; sourceTree = "<group>"; };
		63B35D4AABF04F78AC0B2395 /* AccountExportService.swift */ = {isa = PBXFileReference; includeInIndex = 1; lastKnownFileType = sourcecode.swift; path = AccountExportService.swift; sourceTree = "<group>"; };
		A20001 /* Marque.swift */ = {isa = PBXFileReference; lastKnownFileType = sourcecode.swift; path = Marque.swift; sourceTree = "<group>"; };
		A20002 /* Car.swift */ = {isa = PBXFileReference; lastKnownFileType = sourcecode.swift; path = Car.swift; sourceTree = "<group>"; };
		A20003 /* CarStore.swift */ = {isa = PBXFileReference; lastKnownFileType = sourcecode.swift; path = CarStore.swift; sourceTree = "<group>"; };
		A20004 /* AddCarView.swift */ = {isa = PBXFileReference; lastKnownFileType = sourcecode.swift; path = AddCarView.swift; sourceTree = "<group>"; };
		A20005 /* CarListView.swift */ = {isa = PBXFileReference; lastKnownFileType = sourcecode.swift; path = CarListView.swift; sourceTree = "<group>"; };
		A20006 /* CarDetailView.swift */ = {isa = PBXFileReference; lastKnownFileType = sourcecode.swift; path = CarDetailView.swift; sourceTree = "<group>"; };
		A20007 /* EditCarDetailView.swift */ = {isa = PBXFileReference; lastKnownFileType = sourcecode.swift; path = EditCarDetailView.swift; sourceTree = "<group>"; };
		A20008 /* Assets.xcassets */ = {isa = PBXFileReference; lastKnownFileType = folder.assetcatalog; path = Assets.xcassets; sourceTree = "<group>"; };
		A20009 /* MaintenanceRecord.swift */ = {isa = PBXFileReference; lastKnownFileType = sourcecode.swift; path = MaintenanceRecord.swift; sourceTree = "<group>"; };
		A20010 /* ImageManager.swift */ = {isa = PBXFileReference; lastKnownFileType = sourcecode.swift; path = ImageManager.swift; sourceTree = "<group>"; };
		A20011 /* AddMaintenanceView.swift */ = {isa = PBXFileReference; lastKnownFileType = sourcecode.swift; path = AddMaintenanceView.swift; sourceTree = "<group>"; };
		A20012 /* NotificationManager.swift */ = {isa = PBXFileReference; lastKnownFileType = sourcecode.swift; path = NotificationManager.swift; sourceTree = "<group>"; };
		A20013 /* ExpenseSummaryView.swift */ = {isa = PBXFileReference; lastKnownFileType = sourcecode.swift; path = ExpenseSummaryView.swift; sourceTree = "<group>"; };
		A20014 /* CarData.swift */ = {isa = PBXFileReference; lastKnownFileType = sourcecode.swift; path = CarData.swift; sourceTree = "<group>"; };
		A20015 /* VINDecodeService.swift */ = {isa = PBXFileReference; lastKnownFileType = sourcecode.swift; path = VINDecodeService.swift; sourceTree = "<group>"; };
		A20016 /* AppUser.swift */ = {isa = PBXFileReference; lastKnownFileType = sourcecode.swift; path = AppUser.swift; sourceTree = "<group>"; };
		A20017 /* AuthService.swift */ = {isa = PBXFileReference; lastKnownFileType = sourcecode.swift; path = AuthService.swift; sourceTree = "<group>"; };
		A20018 /* MarqueComponents.swift */ = {isa = PBXFileReference; lastKnownFileType = sourcecode.swift; path = MarqueComponents.swift; sourceTree = "<group>"; };
		A20019 /* OnboardingView.swift */ = {isa = PBXFileReference; lastKnownFileType = sourcecode.swift; path = OnboardingView.swift; sourceTree = "<group>"; };
		A20020 /* LoginView.swift */ = {isa = PBXFileReference; lastKnownFileType = sourcecode.swift; path = LoginView.swift; sourceTree = "<group>"; };
		A20021 /* SignUpView.swift */ = {isa = PBXFileReference; lastKnownFileType = sourcecode.swift; path = SignUpView.swift; sourceTree = "<group>"; };
		A20022 /* ForgotPasswordView.swift */ = {isa = PBXFileReference; lastKnownFileType = sourcecode.swift; path = ForgotPasswordView.swift; sourceTree = "<group>"; };
		A20024 /* EditProfileView.swift */ = {isa = PBXFileReference; lastKnownFileType = sourcecode.swift; path = EditProfileView.swift; sourceTree = "<group>"; };
		A20025 /* PublicProfileView.swift */ = {isa = PBXFileReference; lastKnownFileType = sourcecode.swift; path = PublicProfileView.swift; sourceTree = "<group>"; };
		A20026 /* FollowListView.swift */ = {isa = PBXFileReference; lastKnownFileType = sourcecode.swift; path = FollowListView.swift; sourceTree = "<group>"; };
		A20027 /* ExploreView.swift */ = {isa = PBXFileReference; lastKnownFileType = sourcecode.swift; path = ExploreView.swift; sourceTree = "<group>"; };
		A20028 /* SearchResultsView.swift */ = {isa = PBXFileReference; lastKnownFileType = sourcecode.swift; path = SearchResultsView.swift; sourceTree = "<group>"; };
		A20030 /* SettingsView.swift */ = {isa = PBXFileReference; lastKnownFileType = sourcecode.swift; path = SettingsView.swift; sourceTree = "<group>"; };
		A20031 /* ProUpgradeView.swift */ = {isa = PBXFileReference; lastKnownFileType = sourcecode.swift; path = ProUpgradeView.swift; sourceTree = "<group>"; };
		A20032 /* ServiceReminder.swift */ = {isa = PBXFileReference; lastKnownFileType = sourcecode.swift; path = ServiceReminder.swift; sourceTree = "<group>"; };
		A20033 /* ServiceReminderEngine.swift */ = {isa = PBXFileReference; lastKnownFileType = sourcecode.swift; path = ServiceReminderEngine.swift; sourceTree = "<group>"; };
		A20034 /* ServiceRemindersView.swift */ = {isa = PBXFileReference; lastKnownFileType = sourcecode.swift; path = ServiceRemindersView.swift; sourceTree = "<group>"; };
		A20035 /* AddReminderView.swift */ = {isa = PBXFileReference; lastKnownFileType = sourcecode.swift; path = AddReminderView.swift; sourceTree = "<group>"; };
		A20036 /* ExpenseChartsView.swift */ = {isa = PBXFileReference; lastKnownFileType = sourcecode.swift; path = ExpenseChartsView.swift; sourceTree = "<group>"; };
		A20037 /* PhotoGalleryView.swift */ = {isa = PBXFileReference; lastKnownFileType = sourcecode.swift; path = PhotoGalleryView.swift; sourceTree = "<group>"; };
		A20040 /* AppNotification.swift */ = {isa = PBXFileReference; lastKnownFileType = sourcecode.swift; path = AppNotification.swift; sourceTree = "<group>"; };
		A20043 /* NotificationsInboxView.swift */ = {isa = PBXFileReference; lastKnownFileType = sourcecode.swift; path = NotificationsInboxView.swift; sourceTree = "<group>"; };
		A20044 /* GoogleService-Info.plist */ = {isa = PBXFileReference; lastKnownFileType = text.plist.xml; path = "GoogleService-Info.plist"; sourceTree = "<group>"; };
		A20045 /* Marque-Prototype.entitlements */ = {isa = PBXFileReference; lastKnownFileType = text.plist.entitlements; path = "Marque-Prototype.entitlements"; sourceTree = "<group>"; };
		A20055 /* CarPhotoImage.swift */ = {isa = PBXFileReference; lastKnownFileType = sourcecode.swift; path = CarPhotoImage.swift; sourceTree = "<group>"; };
		A20056 /* ProfileSetupView.swift */ = {isa = PBXFileReference; lastKnownFileType = sourcecode.swift; path = ProfileSetupView.swift; sourceTree = "<group>"; };
		A20057 /* PublicCar.swift */ = {isa = PBXFileReference; lastKnownFileType = sourcecode.swift; path = PublicCar.swift; sourceTree = "<group>"; };
		A20058 /* ExploreStore.swift */ = {isa = PBXFileReference; lastKnownFileType = sourcecode.swift; path = ExploreStore.swift; sourceTree = "<group>"; };
		A20059 /* FollowStore.swift */ = {isa = PBXFileReference; lastKnownFileType = sourcecode.swift; path = FollowStore.swift; sourceTree = "<group>"; };
		A20060 /* SubscriptionStore.swift */ = {isa = PBXFileReference; lastKnownFileType = sourcecode.swift; path = SubscriptionStore.swift; sourceTree = "<group>"; };
		A20061 /* BlockStore.swift */ = {isa = PBXFileReference; lastKnownFileType = sourcecode.swift; path = BlockStore.swift; sourceTree = "<group>"; };
		A20062 /* ReportView.swift */ = {isa = PBXFileReference; lastKnownFileType = sourcecode.swift; path = ReportView.swift; sourceTree = "<group>"; };
		A20063 /* AppLinks.swift */ = {isa = PBXFileReference; lastKnownFileType = sourcecode.swift; path = AppLinks.swift; sourceTree = "<group>"; };
		A20064 /* NotificationStore.swift */ = {isa = PBXFileReference; lastKnownFileType = sourcecode.swift; path = NotificationStore.swift; sourceTree = "<group>"; };
		A20065 /* DeleteAccountView.swift */ = {isa = PBXFileReference; lastKnownFileType = sourcecode.swift; path = DeleteAccountView.swift; sourceTree = "<group>"; };
		A20066 /* AppDelegate.swift */ = {isa = PBXFileReference; lastKnownFileType = sourcecode.swift; path = AppDelegate.swift; sourceTree = "<group>"; };
		A20067 /* ChangePasswordView.swift */ = {isa = PBXFileReference; lastKnownFileType = sourcecode.swift; path = ChangePasswordView.swift; sourceTree = "<group>"; };
		A20069 /* VerifyEmailView.swift */ = {isa = PBXFileReference; lastKnownFileType = sourcecode.swift; path = VerifyEmailView.swift; sourceTree = "<group>"; };
		A20070 /* DocumentScanService.swift */ = {isa = PBXFileReference; lastKnownFileType = sourcecode.swift; path = DocumentScanService.swift; sourceTree = "<group>"; };
		A20071 /* DocumentScannerView.swift */ = {isa = PBXFileReference; lastKnownFileType = sourcecode.swift; path = DocumentScannerView.swift; sourceTree = "<group>"; };
		A20099 /* AnalyticsService.swift */ = {isa = PBXFileReference; lastKnownFileType = sourcecode.swift; path = AnalyticsService.swift; sourceTree = "<group>"; };
		A30001 /* Marque.app */ = {isa = PBXFileReference; explicitFileType = wrapper.application; includeInIndex = 0; path = Marque.app; sourceTree = BUILT_PRODUCTS_DIR; };
		F421FDE72FA465A7000DBF3C /* Info.plist */ = {isa = PBXFileReference; lastKnownFileType = text.plist; path = Info.plist; sourceTree = "<group>"; };
		F48D28383061DC040024F1C7 /* Marque.storekit */ = {isa = PBXFileReference; lastKnownFileType = text; name = Marque.storekit; path = StoreKit/Marque.storekit; sourceTree = "<group>"; };
		F497CF0C300B0735001892AE /* ChatMessage.swift */ = {isa = PBXFileReference; lastKnownFileType = sourcecode.swift; path = ChatMessage.swift; sourceTree = "<group>"; };
		F497CF0D300B0735001892AE /* Conversation.swift */ = {isa = PBXFileReference; lastKnownFileType = sourcecode.swift; path = Conversation.swift; sourceTree = "<group>"; };
		F497CF10300B0749001892AE /* ChatStore.swift */ = {isa = PBXFileReference; lastKnownFileType = sourcecode.swift; path = ChatStore.swift; sourceTree = "<group>"; };
		F497CF12300B075C001892AE /* MarqueChatView.swift */ = {isa = PBXFileReference; lastKnownFileType = sourcecode.swift; name = MarqueChatView.swift; path = Assistant/MarqueChatView.swift; sourceTree = "<group>"; };
		F497CF1430197BDF001892AE /* FeatureFlagsStore.swift */ = {isa = PBXFileReference; lastKnownFileType = sourcecode.swift; path = FeatureFlagsStore.swift; sourceTree = "<group>"; };
		F497CF1D3022A2DB001892AE /* EditInsuranceSheet.swift */ = {isa = PBXFileReference; lastKnownFileType = sourcecode.swift; path = EditInsuranceSheet.swift; sourceTree = "<group>"; };
		F497CF1E3022A2DB001892AE /* EditRegistrationSheet.swift */ = {isa = PBXFileReference; lastKnownFileType = sourcecode.swift; path = EditRegistrationSheet.swift; sourceTree = "<group>"; };
		F497CF213022AC1B001892AE /* EditVehicleDetailsSheet.swift */ = {isa = PBXFileReference; lastKnownFileType = sourcecode.swift; path = EditVehicleDetailsSheet.swift; sourceTree = "<group>"; };
		F497CF2330244586001892AE /* AIServiceSuggestion.swift */ = {isa = PBXFileReference; lastKnownFileType = sourcecode.swift; path = AIServiceSuggestion.swift; sourceTree = "<group>"; };
		F497CF253024459E001892AE /* AIServiceSuggestionService.swift */ = {isa = PBXFileReference; lastKnownFileType = sourcecode.swift; path = AIServiceSuggestionService.swift; sourceTree = "<group>"; };
		F5B1000200000000B1000002 /* PrivacyInfo.xcprivacy */ = {isa = PBXFileReference; lastKnownFileType = text.plist.xml; path = PrivacyInfo.xcprivacy; sourceTree = "<group>"; };
		FE50C1000000000000000001 /* LikeButton.swift */ = {isa = PBXFileReference; lastKnownFileType = sourcecode.swift; path = LikeButton.swift; sourceTree = "<group>"; };
		FE50C1000000000000000002 /* PushPermissionPrePrompt.swift */ = {isa = PBXFileReference; lastKnownFileType = sourcecode.swift; path = PushPermissionPrePrompt.swift; sourceTree = "<group>"; };
		FE50C1000000000000000003 /* EngineSoundPlayback.swift */ = {isa = PBXFileReference; lastKnownFileType = sourcecode.swift; path = EngineSoundPlayback.swift; sourceTree = "<group>"; };
		FE50C1000000000000000004 /* CarCommentsViews.swift */ = {isa = PBXFileReference; lastKnownFileType = sourcecode.swift; path = CarCommentsViews.swift; sourceTree = "<group>"; };
		FE50C1000000000000000005 /* CarDetailSocial.swift */ = {isa = PBXFileReference; lastKnownFileType = sourcecode.swift; path = CarDetailSocial.swift; sourceTree = "<group>"; };
		FE50C1000000000000000006 /* FollowPushRouter.swift */ = {isa = PBXFileReference; lastKnownFileType = sourcecode.swift; path = FollowPushRouter.swift; sourceTree = "<group>"; };
		FE50C1000000000000000007 /* EngineSoundRecorderSheet.swift */ = {isa = PBXFileReference; lastKnownFileType = sourcecode.swift; path = EngineSoundRecorderSheet.swift; sourceTree = "<group>"; };
		FE50C1000000000000000008 /* EngineSoundOwnerSection.swift */ = {isa = PBXFileReference; lastKnownFileType = sourcecode.swift; path = EngineSoundOwnerSection.swift; sourceTree = "<group>"; };
		FE50C1000000000000000009 /* CarValueSection.swift */ = {isa = PBXFileReference; lastKnownFileType = sourcecode.swift; path = CarValueSection.swift; sourceTree = "<group>"; };
		FE50C100000000000000000A /* EstimateValueSheet.swift */ = {isa = PBXFileReference; lastKnownFileType = sourcecode.swift; path = EstimateValueSheet.swift; sourceTree = "<group>"; };
		FE50C100000000000000000B /* TopCarsSection.swift */ = {isa = PBXFileReference; lastKnownFileType = sourcecode.swift; path = TopCarsSection.swift; sourceTree = "<group>"; };
		FE50C200000000000000000C /* ExploreFeedCard.swift */ = {isa = PBXFileReference; lastKnownFileType = sourcecode.swift; path = ExploreFeedCard.swift; sourceTree = "<group>"; };
		FE50C200000000000000000D /* CarOfTheWeekHero.swift */ = {isa = PBXFileReference; lastKnownFileType = sourcecode.swift; path = CarOfTheWeekHero.swift; sourceTree = "<group>"; };
		FE50C200000000000000000E /* ExploreSkeletons.swift */ = {isa = PBXFileReference; lastKnownFileType = sourcecode.swift; path = ExploreSkeletons.swift; sourceTree = "<group>"; };
		FE50C100000000000000000C /* PushPreferencesSection.swift */ = {isa = PBXFileReference; lastKnownFileType = sourcecode.swift; path = PushPreferencesSection.swift; sourceTree = "<group>"; };
		FE50D200000000000000000F /* CarTaxonomy.swift */ = {isa = PBXFileReference; lastKnownFileType = sourcecode.swift; path = CarTaxonomy.swift; sourceTree = "<group>"; };
		FE50D200000000000000001F /* PopularModelsRow.swift */ = {isa = PBXFileReference; lastKnownFileType = sourcecode.swift; path = PopularModelsRow.swift; sourceTree = "<group>"; };
		FE50D2000000000000000020 /* ExploreFiltersSheet.swift */ = {isa = PBXFileReference; lastKnownFileType = sourcecode.swift; path = ExploreFiltersSheet.swift; sourceTree = "<group>"; };
		FE50C1000000000000000010 /* CarModsSection.swift */ = {isa = PBXFileReference; lastKnownFileType = sourcecode.swift; path = CarModsSection.swift; sourceTree = "<group>"; };
		FE50C1000000000000000011 /* EditModSheet.swift */ = {isa = PBXFileReference; lastKnownFileType = sourcecode.swift; path = EditModSheet.swift; sourceTree = "<group>"; };
		FE50E1000000000000000001 /* ExpenseReportPeriod.swift */ = {isa = PBXFileReference; lastKnownFileType = sourcecode.swift; name = ExpenseReportPeriod.swift; path = Export/ExpenseReportPeriod.swift; sourceTree = "<group>"; };
		FE50E1000000000000000002 /* ExpenseReportCSV.swift */ = {isa = PBXFileReference; lastKnownFileType = sourcecode.swift; name = ExpenseReportCSV.swift; path = Export/ExpenseReportCSV.swift; sourceTree = "<group>"; };
		FE50E1000000000000000003 /* ExpenseReportPDF.swift */ = {isa = PBXFileReference; lastKnownFileType = sourcecode.swift; name = ExpenseReportPDF.swift; path = Export/ExpenseReportPDF.swift; sourceTree = "<group>"; };
		FE50E1000000000000000004 /* DataExportView.swift */ = {isa = PBXFileReference; lastKnownFileType = sourcecode.swift; path = DataExportView.swift; sourceTree = "<group>"; };
		FE50E1000000000000000005 /* AccountDataExportView.swift */ = {isa = PBXFileReference; lastKnownFileType = sourcecode.swift; path = AccountDataExportView.swift; sourceTree = "<group>"; };
/* End PBXFileReference section */

/* Begin PBXFrameworksBuildPhase section */
		A40001 /* Frameworks */ = {
			isa = PBXFrameworksBuildPhase;
			buildActionMask = 2147483647;
			files = (
				F497CF18301D5D1B001892AE /* FirebaseRemoteConfig in Frameworks */,
				F4A7C301A1B2C3D4E5F60718 /* FirebaseAppCheck in Frameworks */,
				635CE8E912A7EC3026262670 /* FirebaseMessaging in Frameworks */,
				C3000001C3000001C3000001 /* FirebaseCore in Frameworks */,
				C4000001C4000001C4000001 /* FirebaseAuth in Frameworks */,
				C5000001C5000001C5000001 /* FirebaseFirestore in Frameworks */,
				C6000001C6000001C6000001 /* FirebaseStorage in Frameworks */,
				F421FDE42FA44C19000DBF3C /* GoogleSignIn in Frameworks */,
				F421FDE62FA44C19000DBF3C /* GoogleSignInSwift in Frameworks */,
				E0000003E0000003E0000003 /* PostHog in Frameworks */,
				C7000001C7000001C7000001 /* FirebaseFunctions in Frameworks */,
				6B0782D5E6B383B850DEDC2E /* FirebaseCrashlytics in Frameworks */,
			);
			runOnlyForDeploymentPostprocessing = 0;
		};
/* End PBXFrameworksBuildPhase section */

/* Begin PBXGroup section */
		A50001 = {
			isa = PBXGroup;
			children = (
				F48D28383061DC040024F1C7 /* Marque.storekit */,
				A50002 /* Marque */,
				F497CF16301D5D1B001892AE /* Frameworks */,
				A50005 /* Products */,
			);
			sourceTree = "<group>";
		};
		A50002 /* Marque */ = {
			isa = PBXGroup;
			children = (
				F421FDE72FA465A7000DBF3C /* Info.plist */,
				F497CF1430197BDF001892AE /* FeatureFlagsStore.swift */,
				A20001 /* Marque.swift */,
				A20066 /* AppDelegate.swift */,
				A50003 /* Models */,
				A50006 /* Stores */,
				A50007 /* Components */,
				A50008 /* Features */,
				A50004 /* Views */,
				A20008 /* Assets.xcassets */,
				A20044 /* GoogleService-Info.plist */,
				F5B1000200000000B1000002 /* PrivacyInfo.xcprivacy */,
				A20045 /* Marque-Prototype.entitlements */,
			);
			path = Marque;
			sourceTree = "<group>";
		};
		A50003 /* Models */ = {
			isa = PBXGroup;
			children = (
				F497CF2330244586001892AE /* AIServiceSuggestion.swift */,
				600BB66AA00BB37F3FA29F33 /* CarValue.swift */,
				8EE1EA3597AC9528E98F8622 /* CarMod.swift */,
				7AB586A35A4161F192DA3958 /* CarComment.swift */,
				3C6FF6721A83D1C02383FB69 /* CommentFilter.swift */,
				E5686F59A723EE5E2F08F0FD /* NotificationPreferences.swift */,
				F497CF0C300B0735001892AE /* ChatMessage.swift */,
				F497CF0D300B0735001892AE /* Conversation.swift */,
				A20002 /* Car.swift */,
				A20057 /* PublicCar.swift */,
				A20063 /* AppLinks.swift */,
				A20009 /* MaintenanceRecord.swift */,
				A20014 /* CarData.swift */,
				A20016 /* AppUser.swift */,
				A20032 /* ServiceReminder.swift */,
				A20040 /* AppNotification.swift */,
			);
			path = Models;
			sourceTree = "<group>";
		};
		A50004 /* Views */ = {
			isa = PBXGroup;
			children = (
				A20004 /* AddCarView.swift */,
				A20011 /* AddMaintenanceView.swift */,
				A20005 /* CarListView.swift */,
				A20006 /* CarDetailView.swift */,
				A20007 /* EditCarDetailView.swift */,
				A20013 /* ExpenseSummaryView.swift */,
			);
			path = Views;
			sourceTree = "<group>";
		};
		A50005 /* Products */ = {
			isa = PBXGroup;
			children = (
				A30001 /* Marque.app */,
			);
			name = Products;
			sourceTree = "<group>";
		};
		A50006 /* Stores */ = {
			isa = PBXGroup;
			children = (
				F497CF253024459E001892AE /* AIServiceSuggestionService.swift */,
				A70462D0DA6364B648A4441D /* CarValueService.swift */,
				96132E4DCD59E5B6FE0C4014 /* LikeStore.swift */,
				FB8BECB49371D61BEB84B2F4 /* CommentStore.swift */,
				C5A4AF4B9E5F7A1D6F764D04 /* PushStore.swift */,
				F497CF10300B0749001892AE /* ChatStore.swift */,
				A20003 /* CarStore.swift */,
				A20058 /* ExploreStore.swift */,
				A20059 /* FollowStore.swift */,
				A20060 /* SubscriptionStore.swift */,
				A20061 /* BlockStore.swift */,
				A20064 /* NotificationStore.swift */,
				A20070 /* DocumentScanService.swift */,
				A20010 /* ImageManager.swift */,
				A20012 /* NotificationManager.swift */,
				A20099 /* AnalyticsService.swift */,
				A20015 /* VINDecodeService.swift */,
				A20017 /* AuthService.swift */,
				A20033 /* ServiceReminderEngine.swift */,
				20930F1F8DE29C3A37D48703 /* CrashReportingService.swift */,
				8E66130704EB13A9BBF06D35 /* ScanAllowanceStore.swift */,
				63B35D4AABF04F78AC0B2395 /* AccountExportService.swift */,
			);
			path = Stores;
			sourceTree = "<group>";
		};
		A50007 /* Components */ = {
			isa = PBXGroup;
			children = (
				A20018 /* MarqueComponents.swift */,
				A20055 /* CarPhotoImage.swift */,
				000E5D2983DDC596117DD79C /* ScanAllowanceViews.swift */,
				62DBACF0B818EB4BF765FCE0 /* CelebrationEffects.swift */,
			);
			path = Components;
			sourceTree = "<group>";
		};
		A50008 /* Features */ = {
			isa = PBXGroup;
			children = (
				F497CF12300B075C001892AE /* MarqueChatView.swift */,
				A50009 /* Onboarding */,
				A50010 /* Auth */,
				A50011 /* Profile */,
				A50012 /* Explore */,
				A50013 /* Settings */,
				A50014 /* Garage */,
				A50015 /* Expenses */,
				A50016 /* Social */,
			);
			path = Features;
			sourceTree = "<group>";
		};
		A50009 /* Onboarding */ = {
			isa = PBXGroup;
			children = (
				A20019 /* OnboardingView.swift */,
			);
			path = Onboarding;
			sourceTree = "<group>";
		};
		A50010 /* Auth */ = {
			isa = PBXGroup;
			children = (
				A20020 /* LoginView.swift */,
				A20021 /* SignUpView.swift */,
				A20022 /* ForgotPasswordView.swift */,
				A20056 /* ProfileSetupView.swift */,
				A20069 /* VerifyEmailView.swift */,
				24B1F78CBC4749F38E5FE2DC /* AuthTheme.swift */,
				9412D7442710420CB0A6B6F6 /* GarageEntranceView.swift */,
			);
			path = Auth;
			sourceTree = "<group>";
		};
		A50011 /* Profile */ = {
			isa = PBXGroup;
			children = (
				A20024 /* EditProfileView.swift */,
				A20025 /* PublicProfileView.swift */,
				A20026 /* FollowListView.swift */,
				A20062 /* ReportView.swift */,
				A20071 /* DocumentScannerView.swift */,
			);
			path = Profile;
			sourceTree = "<group>";
		};
		A50012 /* Explore */ = {
			isa = PBXGroup;
			children = (
				A20027 /* ExploreView.swift */,
				FE50C100000000000000000B /* TopCarsSection.swift */,
				FE50C200000000000000000C /* ExploreFeedCard.swift */,
				FE50C200000000000000000D /* CarOfTheWeekHero.swift */,
				FE50C200000000000000000E /* ExploreSkeletons.swift */,
				A20028 /* SearchResultsView.swift */,
				FE50D200000000000000000F /* CarTaxonomy.swift */,
				FE50D200000000000000001F /* PopularModelsRow.swift */,
				FE50D2000000000000000020 /* ExploreFiltersSheet.swift */,
			);
			path = Explore;
			sourceTree = "<group>";
		};
		A50013 /* Settings */ = {
			isa = PBXGroup;
			children = (
				A20030 /* SettingsView.swift */,
				FE50C100000000000000000C /* PushPreferencesSection.swift */,
				A20031 /* ProUpgradeView.swift */,
				A20065 /* DeleteAccountView.swift */,
				A20067 /* ChangePasswordView.swift */,
				FE50E1000000000000000004 /* DataExportView.swift */,
				FE50E1000000000000000005 /* AccountDataExportView.swift */,
			);
			path = Settings;
			sourceTree = "<group>";
		};
		A50014 /* Garage */ = {
			isa = PBXGroup;
			children = (
				F497CF213022AC1B001892AE /* EditVehicleDetailsSheet.swift */,
				F497CF1D3022A2DB001892AE /* EditInsuranceSheet.swift */,
				F497CF1E3022A2DB001892AE /* EditRegistrationSheet.swift */,
				FE50C1000000000000000007 /* EngineSoundRecorderSheet.swift */,
				FE50C1000000000000000008 /* EngineSoundOwnerSection.swift */,
				FE50C1000000000000000009 /* CarValueSection.swift */,
				FE50C100000000000000000A /* EstimateValueSheet.swift */,
				FE50C1000000000000000010 /* CarModsSection.swift */,
				FE50C1000000000000000011 /* EditModSheet.swift */,
				A20034 /* ServiceRemindersView.swift */,
				A20035 /* AddReminderView.swift */,
				A20037 /* PhotoGalleryView.swift */,
			);
			path = Garage;
			sourceTree = "<group>";
		};
		A50015 /* Expenses */ = {
			isa = PBXGroup;
			children = (
				A20036 /* ExpenseChartsView.swift */,
				FE50E1000000000000000001 /* ExpenseReportPeriod.swift */,
				FE50E1000000000000000002 /* ExpenseReportCSV.swift */,
				FE50E1000000000000000003 /* ExpenseReportPDF.swift */,
			);
			path = Expenses;
			sourceTree = "<group>";
		};
		A50016 /* Social */ = {
			isa = PBXGroup;
			children = (
				A20043 /* NotificationsInboxView.swift */,
				FE50C1000000000000000001 /* LikeButton.swift */,
				FE50C1000000000000000002 /* PushPermissionPrePrompt.swift */,
				FE50C1000000000000000003 /* EngineSoundPlayback.swift */,
				FE50C1000000000000000004 /* CarCommentsViews.swift */,
				FE50C1000000000000000005 /* CarDetailSocial.swift */,
				FE50C1000000000000000006 /* FollowPushRouter.swift */,
			);
			path = Social;
			sourceTree = "<group>";
		};
		F497CF16301D5D1B001892AE /* Frameworks */ = {
			isa = PBXGroup;
			children = (
			);
			name = Frameworks;
			sourceTree = "<group>";
		};
/* End PBXGroup section */

/* Begin PBXNativeTarget section */
		A60001 /* Marque */ = {
			isa = PBXNativeTarget;
			buildConfigurationList = A80002 /* Build configuration list for PBXNativeTarget "Marque" */;
			buildPhases = (
				A70001 /* Sources */,
				A40001 /* Frameworks */,
				A70002 /* Resources */,
				4D6E1D89B9CCDAFA5DDCDA13 /* Upload Crashlytics Symbols */,
			);
			buildRules = (
			);
			dependencies = (
			);
			name = Marque;
			packageProductDependencies = (
				C1000001C1000001C1000001 /* FirebaseCore */,
				C2000001C2000001C2000001 /* FirebaseAuth */,
				C5000002C5000002C5000002 /* FirebaseFirestore */,
				C6000002C6000002C6000002 /* FirebaseStorage */,
				F421FDE32FA44C19000DBF3C /* GoogleSignIn */,
				F421FDE52FA44C19000DBF3C /* GoogleSignInSwift */,
				E0000002E0000002E0000002 /* PostHog */,
				C7000002C7000002C7000002 /* FirebaseFunctions */,
				F497CF17301D5D1B001892AE /* FirebaseRemoteConfig */,
				F4A7C302A1B2C3D4E5F60719 /* FirebaseAppCheck */,
				F309E4F1842A43140CB86B50 /* FirebaseMessaging */,
				C453D62471A58941090CEEB8 /* FirebaseCrashlytics */,
			);
			productName = "Marque-Prototype";
			productReference = A30001 /* Marque.app */;
			productType = "com.apple.product-type.application";
		};
/* End PBXNativeTarget section */

/* Begin PBXProject section */
		A90001 /* Project object */ = {
			isa = PBXProject;
			attributes = {
				BuildIndependentTargetsInParallel = 1;
				LastSwiftUpdateCheck = 1500;
				LastUpgradeCheck = 2650;
				TargetAttributes = {
					A60001 = {
						CreatedOnToolsVersion = 15.0;
					};
				};
			};
			buildConfigurationList = A80001 /* Build configuration list for PBXProject "Marque" */;
			compatibilityVersion = "Xcode 14.0";
			developmentRegion = en;
			hasScannedForEncodings = 0;
			knownRegions = (
				en,
				Base,
			);
			mainGroup = A50001;
			packageReferences = (
				F4915C1A2FA2C2D1000F9C9E /* XCRemoteSwiftPackageReference "firebase-ios-sdk" */,
				F421FDE22FA44C19000DBF3C /* XCRemoteSwiftPackageReference "GoogleSignIn-iOS" */,
				E0000001E0000001E0000001 /* XCRemoteSwiftPackageReference "posthog-ios" */,
			);
			productRefGroup = A50005 /* Products */;
			projectDirPath = "";
			projectRoot = "";
			targets = (
				A60001 /* Marque */,
			);
		};
/* End PBXProject section */

/* Begin PBXResourcesBuildPhase section */
		A70002 /* Resources */ = {
			isa = PBXResourcesBuildPhase;
			buildActionMask = 2147483647;
			files = (
				A10008 /* Assets.xcassets in Resources */,
				A10044 /* GoogleService-Info.plist in Resources */,
				F5B1000100000000B1000001 /* PrivacyInfo.xcprivacy in Resources */,
			);
			runOnlyForDeploymentPostprocessing = 0;
		};
/* End PBXResourcesBuildPhase section */

/* Begin PBXShellScriptBuildPhase section */
		4D6E1D89B9CCDAFA5DDCDA13 /* Upload Crashlytics Symbols */ = {
			isa = PBXShellScriptBuildPhase;
			alwaysOutOfDate = 1;
			buildActionMask = 2147483647;
			files = (
			);
			inputFileListPaths = (
			);
			inputPaths = (
				"$(SRCROOT)/$(BUILT_PRODUCTS_DIR)/$(INFOPLIST_PATH)",
				"${DWARF_DSYM_FOLDER_PATH}/${DWARF_DSYM_FILE_NAME}",
			);
			name = "Upload Crashlytics Symbols";
			outputFileListPaths = (
			);
			outputPaths = (
			);
			runOnlyForDeploymentPostprocessing = 0;
			shellPath = /bin/sh;
			shellScript = "# FR-11.8 — only Release builds (TestFlight/App Store archives) upload dSYMs.\n# Debug builds, including the xcodebuild verification command in CLAUDE.md,\n# must never make this network call.\nif [ \"${CONFIGURATION}\" != \"Release\" ]; then\n  echo \"Skipping Crashlytics symbol upload for ${CONFIGURATION} configuration.\"\n  exit 0\nfi\n# Known unresolved firebase-ios-sdk bug (archive-only, not build/run):\n# https://github.com/firebase/firebase-ios-sdk/issues/11836 — the underlying\n# tool can print \"error: Could not get GOOGLE_APP_ID...\" during an actual\n# archive even though GoogleService-Info.plist is correctly bundled. Xcode\n# fails the whole archive on any \"error:\"-prefixed line in a Run Script\n# phase's output, regardless of the script's own exit code — so the fix has\n# to keep that raw text out of the build log, not just zero the exit code.\n# Symbol upload only affects crash-report readability, not the app itself,\n# so redirect the tool's own output to a log file and emit only our own\n# note on failure.\nCRASHLYTICS_LOG=\"${TEMP_DIR}/crashlytics-upload.log\"\nif ! \"${BUILD_DIR%/Build/*}/SourcePackages/checkouts/firebase-ios-sdk/Crashlytics/run\" > \"$CRASHLYTICS_LOG\" 2>&1; then\n  echo \"note: Crashlytics symbol upload failed — continuing archive without it. Log: $CRASHLYTICS_LOG\"\nfi\n";
		};
/* End PBXShellScriptBuildPhase section */

/* Begin PBXSourcesBuildPhase section */
		A70001 /* Sources */ = {
			isa = PBXSourcesBuildPhase;
			buildActionMask = 2147483647;
			files = (
				FE50B1000000000000000001 /* LikeButton.swift in Sources */,
				FE50B1000000000000000002 /* PushPermissionPrePrompt.swift in Sources */,
				FE50B1000000000000000003 /* EngineSoundPlayback.swift in Sources */,
				FE50B1000000000000000004 /* CarCommentsViews.swift in Sources */,
				FE50B1000000000000000005 /* CarDetailSocial.swift in Sources */,
				FE50B1000000000000000006 /* FollowPushRouter.swift in Sources */,
				FE50B1000000000000000007 /* EngineSoundRecorderSheet.swift in Sources */,
				FE50B1000000000000000008 /* EngineSoundOwnerSection.swift in Sources */,
				FE50B1000000000000000009 /* CarValueSection.swift in Sources */,
				FE50B100000000000000000A /* EstimateValueSheet.swift in Sources */,
				FE50B100000000000000000B /* TopCarsSection.swift in Sources */,
				FE50B200000000000000000C /* ExploreFeedCard.swift in Sources */,
				FE50B200000000000000000D /* CarOfTheWeekHero.swift in Sources */,
				FE50B200000000000000000E /* ExploreSkeletons.swift in Sources */,
				FE50B100000000000000000C /* PushPreferencesSection.swift in Sources */,
				FE50B300000000000000000F /* CarTaxonomy.swift in Sources */,
				FE50B300000000000000001F /* PopularModelsRow.swift in Sources */,
				FE50B3000000000000000020 /* ExploreFiltersSheet.swift in Sources */,
				FE50B1000000000000000010 /* CarModsSection.swift in Sources */,
				FE50B1000000000000000011 /* EditModSheet.swift in Sources */,
				FE50E2000000000000000001 /* ExpenseReportPeriod.swift in Sources */,
				FE50E2000000000000000002 /* ExpenseReportCSV.swift in Sources */,
				FE50E2000000000000000003 /* ExpenseReportPDF.swift in Sources */,
				FE50E2000000000000000004 /* DataExportView.swift in Sources */,
				FE50E2000000000000000005 /* AccountDataExportView.swift in Sources */,
				A10001 /* Marque.swift in Sources */,
				A10066 /* AppDelegate.swift in Sources */,
				A10002 /* Car.swift in Sources */,
				A10057 /* PublicCar.swift in Sources */,
				A10063 /* AppLinks.swift in Sources */,
				A10058 /* ExploreStore.swift in Sources */,
				A10059 /* FollowStore.swift in Sources */,
				F497CF1F3022A2DB001892AE /* EditInsuranceSheet.swift in Sources */,
				F497CF203022A2DB001892AE /* EditRegistrationSheet.swift in Sources */,
				A10060 /* SubscriptionStore.swift in Sources */,
				A10065 /* DeleteAccountView.swift in Sources */,
				A10067 /* ChangePasswordView.swift in Sources */,
				F497CF263024459E001892AE /* AIServiceSuggestionService.swift in Sources */,
				D5FA62F117724D022A23592D /* CarValue.swift in Sources */,
				00E4C4A4AC3047AB5D23C524 /* CarMod.swift in Sources */,
				79453226BB33D5D9700AC1E3 /* CarComment.swift in Sources */,
				74DBAFE5AAA034DC4F1FC9FC /* CommentFilter.swift in Sources */,
				D648EB831186D1CBC3DE3DF1 /* NotificationPreferences.swift in Sources */,
				1489DDA28A8A529A6872FB29 /* CarValueService.swift in Sources */,
				52F2FC92CEC1C5102E76F49A /* LikeStore.swift in Sources */,
				F8FC762B6FC2DE7E9C70498F /* CommentStore.swift in Sources */,
				32C371DFB4E4D8C66823FA9D /* PushStore.swift in Sources */,
				A10070 /* DocumentScanService.swift in Sources */,
				A10071 /* DocumentScannerView.swift in Sources */,
				A10061 /* BlockStore.swift in Sources */,
				A10064 /* NotificationStore.swift in Sources */,
				F497CF223022AC1B001892AE /* EditVehicleDetailsSheet.swift in Sources */,
				A10062 /* ReportView.swift in Sources */,
				A10003 /* CarStore.swift in Sources */,
				A10004 /* AddCarView.swift in Sources */,
				A10005 /* CarListView.swift in Sources */,
				A10006 /* CarDetailView.swift in Sources */,
				A10007 /* EditCarDetailView.swift in Sources */,
				A10009 /* MaintenanceRecord.swift in Sources */,
				A10010 /* ImageManager.swift in Sources */,
				A10011 /* AddMaintenanceView.swift in Sources */,
				F497CF1530197BDF001892AE /* FeatureFlagsStore.swift in Sources */,
				A10012 /* NotificationManager.swift in Sources */,
				A10099 /* AnalyticsService.swift in Sources */,
				A10013 /* ExpenseSummaryView.swift in Sources */,
				A10014 /* CarData.swift in Sources */,
				A10015 /* VINDecodeService.swift in Sources */,
				A10016 /* AppUser.swift in Sources */,
				A10017 /* AuthService.swift in Sources */,
				A10018 /* MarqueComponents.swift in Sources */,
				A10055 /* CarPhotoImage.swift in Sources */,
				A10019 /* OnboardingView.swift in Sources */,
				F497CF2430244586001892AE /* AIServiceSuggestion.swift in Sources */,
				A10020 /* LoginView.swift in Sources */,
				A10056 /* ProfileSetupView.swift in Sources */,
				A10021 /* SignUpView.swift in Sources */,
				A10022 /* ForgotPasswordView.swift in Sources */,
				A10069 /* VerifyEmailView.swift in Sources */,
				A10024 /* EditProfileView.swift in Sources */,
				A10025 /* PublicProfileView.swift in Sources */,
				A10026 /* FollowListView.swift in Sources */,
				A10027 /* ExploreView.swift in Sources */,
				A10028 /* SearchResultsView.swift in Sources */,
				F497CF11300B0749001892AE /* ChatStore.swift in Sources */,
				A10030 /* SettingsView.swift in Sources */,
				A10031 /* ProUpgradeView.swift in Sources */,
				A10032 /* ServiceReminder.swift in Sources */,
				A10033 /* ServiceReminderEngine.swift in Sources */,
				A10034 /* ServiceRemindersView.swift in Sources */,
				A10035 /* AddReminderView.swift in Sources */,
				A10036 /* ExpenseChartsView.swift in Sources */,
				A10037 /* PhotoGalleryView.swift in Sources */,
				A10040 /* AppNotification.swift in Sources */,
				A10043 /* NotificationsInboxView.swift in Sources */,
				F497CF13300B075C001892AE /* MarqueChatView.swift in Sources */,
				F497CF0E300B0735001892AE /* ChatMessage.swift in Sources */,
				F497CF0F300B0735001892AE /* Conversation.swift in Sources */,
				A3102D2E8EEAF6E1F29BF87E /* CrashReportingService.swift in Sources */,
				9EB13AE6904D8A46EF90FF98 /* ScanAllowanceStore.swift in Sources */,
				DDEA61B1FDB94D958EBFE896 /* AccountExportService.swift in Sources */,
				E64384DAD01BCC101BC4750B /* ScanAllowanceViews.swift in Sources */,
				762DB52FDC1C87C394523FB6 /* CelebrationEffects.swift in Sources */,
				65B797A53B1D4533B9DFCDDE /* AuthTheme.swift in Sources */,
				1B445AF9F26D417AAE319543 /* GarageEntranceView.swift in Sources */,
			);
			runOnlyForDeploymentPostprocessing = 0;
		};
/* End PBXSourcesBuildPhase section */

/* Begin XCBuildConfiguration section */
		B10001 /* Debug */ = {
			isa = XCBuildConfiguration;
			buildSettings = {
				ALWAYS_SEARCH_USER_PATHS = NO;
				ASSETCATALOG_COMPILER_GENERATE_SWIFT_ASSET_SYMBOL_EXTENSIONS = YES;
				CLANG_ANALYZER_NONNULL = YES;
				CLANG_ANALYZER_NUMBER_OBJECT_CONVERSION = YES_AGGRESSIVE;
				CLANG_CXX_LANGUAGE_STANDARD = "gnu++20";
				CLANG_ENABLE_MODULES = YES;
				CLANG_ENABLE_OBJC_ARC = YES;
				CLANG_ENABLE_OBJC_WEAK = YES;
				CLANG_WARN_BLOCK_CAPTURE_AUTORELEASING = YES;
				CLANG_WARN_BOOL_CONVERSION = YES;
				CLANG_WARN_COMMA = YES;
				CLANG_WARN_CONSTANT_CONVERSION = YES;
				CLANG_WARN_DEPRECATED_OBJC_IMPLEMENTATIONS = YES;
				CLANG_WARN_DIRECT_OBJC_ISA_USAGE = YES_ERROR;
				CLANG_WARN_DOCUMENTATION_COMMENTS = YES;
				CLANG_WARN_EMPTY_BODY = YES;
				CLANG_WARN_ENUM_CONVERSION = YES;
				CLANG_WARN_INFINITE_RECURSION = YES;
				CLANG_WARN_INT_CONVERSION = YES;
				CLANG_WARN_NON_LITERAL_NULL_CONVERSION = YES;
				CLANG_WARN_OBJC_IMPLICIT_RETAIN_SELF = YES;
				CLANG_WARN_OBJC_LITERAL_CONVERSION = YES;
				CLANG_WARN_OBJC_ROOT_CLASS = YES_ERROR;
				CLANG_WARN_QUOTED_INCLUDE_IN_FRAMEWORK_HEADER = YES;
				CLANG_WARN_RANGE_LOOP_ANALYSIS = YES;
				CLANG_WARN_STRICT_PROTOTYPES = YES;
				CLANG_WARN_SUSPICIOUS_MOVE = YES;
				CLANG_WARN_UNGUARDED_AVAILABILITY = YES_AGGRESSIVE;
				CLANG_WARN_UNREACHABLE_CODE = YES;
				CLANG_WARN__DUPLICATE_METHOD_MATCH = YES;
				COPY_PHASE_STRIP = NO;
				DEBUG_INFORMATION_FORMAT = dwarf;
				DEVELOPMENT_TEAM = 7DZTSZ3299;
				ENABLE_STRICT_OBJC_MSGSEND = YES;
				ENABLE_TESTABILITY = YES;
				ENABLE_USER_SCRIPT_SANDBOXING = YES;
				GCC_C_LANGUAGE_STANDARD = gnu17;
				GCC_DYNAMIC_NO_PIC = NO;
				GCC_NO_COMMON_BLOCKS = YES;
				GCC_OPTIMIZATION_LEVEL = 0;
				GCC_PREPROCESSOR_DEFINITIONS = (
					"DEBUG=1",
					"$(inherited)",
				);
				GCC_WARN_64_TO_32_BIT_CONVERSION = YES;
				GCC_WARN_ABOUT_RETURN_TYPE = YES_ERROR;
				GCC_WARN_UNDECLARED_SELECTOR = YES;
				GCC_WARN_UNINITIALIZED_AUTOS = YES_AGGRESSIVE;
				GCC_WARN_UNUSED_FUNCTION = YES;
				GCC_WARN_UNUSED_VARIABLE = YES;
				IPHONEOS_DEPLOYMENT_TARGET = 17.0;
				LOCALIZATION_PREFERS_STRING_CATALOGS = YES;
				MTL_ENABLE_DEBUG_INFO = INCLUDE_SOURCE;
				MTL_FAST_MATH = YES;
				ONLY_ACTIVE_ARCH = YES;
				SDKROOT = iphoneos;
				STRING_CATALOG_GENERATE_SYMBOLS = YES;
				SWIFT_ACTIVE_COMPILATION_CONDITIONS = "DEBUG $(inherited)";
				SWIFT_OPTIMIZATION_LEVEL = "-Onone";
			};
			name = Debug;
		};
		B10002 /* Release */ = {
			isa = XCBuildConfiguration;
			buildSettings = {
				ALWAYS_SEARCH_USER_PATHS = NO;
				ASSETCATALOG_COMPILER_GENERATE_SWIFT_ASSET_SYMBOL_EXTENSIONS = YES;
				CLANG_ANALYZER_NONNULL = YES;
				CLANG_ANALYZER_NUMBER_OBJECT_CONVERSION = YES_AGGRESSIVE;
				CLANG_CXX_LANGUAGE_STANDARD = "gnu++20";
				CLANG_ENABLE_MODULES = YES;
				CLANG_ENABLE_OBJC_ARC = YES;
				CLANG_ENABLE_OBJC_WEAK = YES;
				CLANG_WARN_BLOCK_CAPTURE_AUTORELEASING = YES;
				CLANG_WARN_BOOL_CONVERSION = YES;
				CLANG_WARN_COMMA = YES;
				CLANG_WARN_CONSTANT_CONVERSION = YES;
				CLANG_WARN_DEPRECATED_OBJC_IMPLEMENTATIONS = YES;
				CLANG_WARN_DIRECT_OBJC_ISA_USAGE = YES_ERROR;
				CLANG_WARN_DOCUMENTATION_COMMENTS = YES;
				CLANG_WARN_EMPTY_BODY = YES;
				CLANG_WARN_ENUM_CONVERSION = YES;
				CLANG_WARN_INFINITE_RECURSION = YES;
				CLANG_WARN_INT_CONVERSION = YES;
				CLANG_WARN_NON_LITERAL_NULL_CONVERSION = YES;
				CLANG_WARN_OBJC_IMPLICIT_RETAIN_SELF = YES;
				CLANG_WARN_OBJC_LITERAL_CONVERSION = YES;
				CLANG_WARN_OBJC_ROOT_CLASS = YES_ERROR;
				CLANG_WARN_QUOTED_INCLUDE_IN_FRAMEWORK_HEADER = YES;
				CLANG_WARN_RANGE_LOOP_ANALYSIS = YES;
				CLANG_WARN_STRICT_PROTOTYPES = YES;
				CLANG_WARN_SUSPICIOUS_MOVE = YES;
				CLANG_WARN_UNGUARDED_AVAILABILITY = YES_AGGRESSIVE;
				CLANG_WARN_UNREACHABLE_CODE = YES;
				CLANG_WARN__DUPLICATE_METHOD_MATCH = YES;
				COPY_PHASE_STRIP = NO;
				DEBUG_INFORMATION_FORMAT = "dwarf-with-dsym";
				DEVELOPMENT_TEAM = 7DZTSZ3299;
				ENABLE_NS_ASSERTIONS = NO;
				ENABLE_STRICT_OBJC_MSGSEND = YES;
				ENABLE_USER_SCRIPT_SANDBOXING = YES;
				GCC_C_LANGUAGE_STANDARD = gnu17;
				GCC_NO_COMMON_BLOCKS = YES;
				GCC_WARN_64_TO_32_BIT_CONVERSION = YES;
				GCC_WARN_ABOUT_RETURN_TYPE = YES_ERROR;
				GCC_WARN_UNDECLARED_SELECTOR = YES;
				GCC_WARN_UNINITIALIZED_AUTOS = YES_AGGRESSIVE;
				GCC_WARN_UNUSED_FUNCTION = YES;
				GCC_WARN_UNUSED_VARIABLE = YES;
				IPHONEOS_DEPLOYMENT_TARGET = 17.0;
				LOCALIZATION_PREFERS_STRING_CATALOGS = YES;
				MTL_ENABLE_DEBUG_INFO = NO;
				MTL_FAST_MATH = YES;
				SDKROOT = iphoneos;
				STRING_CATALOG_GENERATE_SYMBOLS = YES;
				SWIFT_COMPILATION_MODE = wholemodule;
				VALIDATE_PRODUCT = YES;
			};
			name = Release;
		};
		B20001 /* Debug */ = {
			isa = XCBuildConfiguration;
			buildSettings = {
				ASSETCATALOG_COMPILER_APPICON_NAME = AppIcon;
				ASSETCATALOG_COMPILER_GLOBAL_ACCENT_COLOR_NAME = AccentColor;
				ASSETCATALOG_COMPILER_INCLUDE_ALL_APPICON_ASSETS = NO;
				CODE_SIGN_ENTITLEMENTS = "Marque/Marque-Prototype.entitlements";
				CODE_SIGN_IDENTITY = "Apple Development";
				CODE_SIGN_STYLE = Automatic;
				CURRENT_PROJECT_VERSION = 4;
				DEVELOPMENT_TEAM = 7DZTSZ3299;
				ENABLE_PREVIEWS = YES;
				GENERATE_INFOPLIST_FILE = NO;
				INFOPLIST_FILE = "Marque/Info.plist";
				IPHONEOS_DEPLOYMENT_TARGET = 17.6;
				LD_RUNPATH_SEARCH_PATHS = (
					"$(inherited)",
					"@executable_path/Frameworks",
				);
				MARKETING_VERSION = 1.0;
				PRODUCT_BUNDLE_IDENTIFIER = com.tommychiu.marque;
				PRODUCT_NAME = Marque;
				PROVISIONING_PROFILE_SPECIFIER = "";
				SWIFT_EMIT_LOC_STRINGS = YES;
				SWIFT_VERSION = 5.0;
				TARGETED_DEVICE_FAMILY = "1,2";
			};
			name = Debug;
		};
		B20002 /* Release */ = {
			isa = XCBuildConfiguration;
			buildSettings = {
				ASSETCATALOG_COMPILER_APPICON_NAME = AppIcon;
				ASSETCATALOG_COMPILER_GLOBAL_ACCENT_COLOR_NAME = AccentColor;
				ASSETCATALOG_COMPILER_INCLUDE_ALL_APPICON_ASSETS = NO;
				CODE_SIGN_ENTITLEMENTS = "Marque/Marque-Prototype.entitlements";
				CODE_SIGN_IDENTITY = "Apple Development";
				CODE_SIGN_STYLE = Automatic;
				CURRENT_PROJECT_VERSION = 4;
				DEVELOPMENT_TEAM = 7DZTSZ3299;
				ENABLE_PREVIEWS = YES;
				GENERATE_INFOPLIST_FILE = NO;
				INFOPLIST_FILE = "Marque/Info.plist";
				IPHONEOS_DEPLOYMENT_TARGET = 17.6;
				LD_RUNPATH_SEARCH_PATHS = (
					"$(inherited)",
					"@executable_path/Frameworks",
				);
				MARKETING_VERSION = 1.0;
				PRODUCT_BUNDLE_IDENTIFIER = com.tommychiu.marque;
				PRODUCT_NAME = Marque;
				PROVISIONING_PROFILE_SPECIFIER = "";
				SWIFT_EMIT_LOC_STRINGS = YES;
				SWIFT_VERSION = 5.0;
				TARGETED_DEVICE_FAMILY = "1,2";
			};
			name = Release;
		};
/* End XCBuildConfiguration section */

/* Begin XCConfigurationList section */
		A80001 /* Build configuration list for PBXProject "Marque" */ = {
			isa = XCConfigurationList;
			buildConfigurations = (
				B10001 /* Debug */,
				B10002 /* Release */,
			);
			defaultConfigurationIsVisible = 0;
			defaultConfigurationName = Release;
		};
		A80002 /* Build configuration list for PBXNativeTarget "Marque" */ = {
			isa = XCConfigurationList;
			buildConfigurations = (
				B20001 /* Debug */,
				B20002 /* Release */,
			);
			defaultConfigurationIsVisible = 0;
			defaultConfigurationName = Release;
		};
/* End XCConfigurationList section */

/* Begin XCRemoteSwiftPackageReference section */
		E0000001E0000001E0000001 /* XCRemoteSwiftPackageReference "posthog-ios" */ = {
			isa = XCRemoteSwiftPackageReference;
			repositoryURL = "https://github.com/PostHog/posthog-ios";
			requirement = {
				kind = upToNextMajorVersion;
				minimumVersion = 3.0.0;
			};
		};
		F421FDE22FA44C19000DBF3C /* XCRemoteSwiftPackageReference "GoogleSignIn-iOS" */ = {
			isa = XCRemoteSwiftPackageReference;
			repositoryURL = "https://github.com/google/GoogleSignIn-iOS";
			requirement = {
				kind = upToNextMajorVersion;
				minimumVersion = 9.1.0;
			};
		};
		F4915C1A2FA2C2D1000F9C9E /* XCRemoteSwiftPackageReference "firebase-ios-sdk" */ = {
			isa = XCRemoteSwiftPackageReference;
			repositoryURL = "https://github.com/firebase/firebase-ios-sdk";
			requirement = {
				kind = upToNextMajorVersion;
				minimumVersion = 12.12.1;
			};
		};
/* End XCRemoteSwiftPackageReference section */

/* Begin XCSwiftPackageProductDependency section */
		F309E4F1842A43140CB86B50 /* FirebaseMessaging */ = {
			isa = XCSwiftPackageProductDependency;
			package = F4915C1A2FA2C2D1000F9C9E /* XCRemoteSwiftPackageReference "firebase-ios-sdk" */;
			productName = FirebaseMessaging;
		};
		C1000001C1000001C1000001 /* FirebaseCore */ = {
			isa = XCSwiftPackageProductDependency;
			package = F4915C1A2FA2C2D1000F9C9E /* XCRemoteSwiftPackageReference "firebase-ios-sdk" */;
			productName = FirebaseCore;
		};
		C2000001C2000001C2000001 /* FirebaseAuth */ = {
			isa = XCSwiftPackageProductDependency;
			package = F4915C1A2FA2C2D1000F9C9E /* XCRemoteSwiftPackageReference "firebase-ios-sdk" */;
			productName = FirebaseAuth;
		};
		C453D62471A58941090CEEB8 /* FirebaseCrashlytics */ = {
			isa = XCSwiftPackageProductDependency;
			package = F4915C1A2FA2C2D1000F9C9E /* XCRemoteSwiftPackageReference "firebase-ios-sdk" */;
			productName = FirebaseCrashlytics;
		};
		C5000002C5000002C5000002 /* FirebaseFirestore */ = {
			isa = XCSwiftPackageProductDependency;
			package = F4915C1A2FA2C2D1000F9C9E /* XCRemoteSwiftPackageReference "firebase-ios-sdk" */;
			productName = FirebaseFirestore;
		};
		C6000002C6000002C6000002 /* FirebaseStorage */ = {
			isa = XCSwiftPackageProductDependency;
			package = F4915C1A2FA2C2D1000F9C9E /* XCRemoteSwiftPackageReference "firebase-ios-sdk" */;
			productName = FirebaseStorage;
		};
		C7000002C7000002C7000002 /* FirebaseFunctions */ = {
			isa = XCSwiftPackageProductDependency;
			package = F4915C1A2FA2C2D1000F9C9E /* XCRemoteSwiftPackageReference "firebase-ios-sdk" */;
			productName = FirebaseFunctions;
		};
		E0000002E0000002E0000002 /* PostHog */ = {
			isa = XCSwiftPackageProductDependency;
			package = E0000001E0000001E0000001 /* XCRemoteSwiftPackageReference "posthog-ios" */;
			productName = PostHog;
		};
		F421FDE32FA44C19000DBF3C /* GoogleSignIn */ = {
			isa = XCSwiftPackageProductDependency;
			package = F421FDE22FA44C19000DBF3C /* XCRemoteSwiftPackageReference "GoogleSignIn-iOS" */;
			productName = GoogleSignIn;
		};
		F421FDE52FA44C19000DBF3C /* GoogleSignInSwift */ = {
			isa = XCSwiftPackageProductDependency;
			package = F421FDE22FA44C19000DBF3C /* XCRemoteSwiftPackageReference "GoogleSignIn-iOS" */;
			productName = GoogleSignInSwift;
		};
		F497CF17301D5D1B001892AE /* FirebaseRemoteConfig */ = {
			isa = XCSwiftPackageProductDependency;
			package = F4915C1A2FA2C2D1000F9C9E /* XCRemoteSwiftPackageReference "firebase-ios-sdk" */;
			productName = FirebaseRemoteConfig;
		};
		F4A7C302A1B2C3D4E5F60719 /* FirebaseAppCheck */ = {
			isa = XCSwiftPackageProductDependency;
			package = F4915C1A2FA2C2D1000F9C9E /* XCRemoteSwiftPackageReference "firebase-ios-sdk" */;
			productName = FirebaseAppCheck;
		};
/* End XCSwiftPackageProductDependency section */
	};
	rootObject = A90001 /* Project object */;
}
